
Microsoft Visual Studio Solution File, Format Version 12.00
# Visual Studio 14
VisualStudioVersion = 14.0.25420.1
MinimumVisualStudioVersion = 10.0.40219.1
Project("{FAE04EC0-301F-11D3-BF4B-00C04F79EFBC}") = "XamlSamplesGrid.Droid", "XamlSamplesGrid\XamlSamplesGrid.Droid\XamlSamplesGrid.Droid.csproj", "{F95B63A6-DDF3-431D-8743-1374B7AB14CC}"
EndProject
Project("{FAE04EC0-301F-11D3-BF4B-00C04F79EFBC}") = "XamlSamplesGrid.iOS", "XamlSamplesGrid\XamlSamplesGrid.iOS\XamlSamplesGrid.iOS.csproj", "{48969D74-F878-4653-BB52-7E37440F5C04}"
EndProject
Project("{FAE04EC0-301F-11D3-BF4B-00C04F79EFBC}") = "XamlSamplesGrid", "XamlSamplesGrid\XamlSamplesGrid\XamlSamplesGrid.csproj", "{616372F3-0C6D-4CE9-B108-E497E9A9687B}"
EndProject
Global
	GlobalSection(SolutionConfigurationPlatforms) = preSolution
		Ad-Hoc|Any CPU = Ad-Hoc|Any CPU
		Ad-Hoc|ARM = Ad-Hoc|ARM
		Ad-Hoc|iPhone = Ad-Hoc|iPhone
		Ad-Hoc|iPhoneSimulator = Ad-Hoc|iPhoneSimulator
		Ad-Hoc|x64 = Ad-Hoc|x64
		Ad-Hoc|x86 = Ad-Hoc|x86
		AppStore|Any CPU = AppStore|Any CPU
		AppStore|ARM = AppStore|ARM
		AppStore|iPhone = AppStore|iPhone
		AppStore|iPhoneSimulator = AppStore|iPhoneSimulator
		AppStore|x64 = AppStore|x64
		AppStore|x86 = AppStore|x86
		Debug|Any CPU = Debug|Any CPU
		Debug|ARM = Debug|ARM
		Debug|iPhone = Debug|iPhone
		Debug|iPhoneSimulator = Debug|iPhoneSimulator
		Debug|x64 = Debug|x64
		Debug|x86 = Debug|x86
		Release|Any CPU = Release|Any CPU
		Release|ARM = Release|ARM
		Release|iPhone = Release|iPhone
		Release|iPhoneSimulator = Release|iPhoneSimulator
		Release|x64 = Release|x64
		Release|x86 = Release|x86
	EndGlobalSection
	GlobalSection(ProjectConfigurationPlatforms) = postSolution
		{F95B63A6-DDF3-431D-8743-1374B7AB14CC}.Ad-Hoc|Any CPU.ActiveCfg = Release|Any CPU
		{F95B63A6-DDF3-431D-8743-1374B7AB14CC}.Ad-Hoc|Any CPU.Build.0 = Release|Any CPU
		{F95B63A6-DDF3-431D-8743-1374B7AB14CC}.Ad-Hoc|Any CPU.Deploy.0 = Release|Any CPU
		{F95B63A6-DDF3-431D-8743-1374B7AB14CC}.Ad-Hoc|ARM.ActiveCfg = Release|Any CPU
		{F95B63A6-DDF3-431D-8743-1374B7AB14CC}.Ad-Hoc|ARM.Build.0 = Release|Any CPU
		{F95B63A6-DDF3-431D-8743-1374B7AB14CC}.Ad-Hoc|ARM.Deploy.0 = Release|Any CPU
		{F95B63A6-DDF3-431D-8743-1374B7AB14CC}.Ad-Hoc|iPhone.ActiveCfg = Release|Any CPU
		{F95B63A6-DDF3-431D-8743-1374B7AB14CC}.Ad-Hoc|iPhone.Build.0 = Release|Any CPU
		{F95B63A6-DDF3-431D-8743-1374B7AB14CC}.Ad-Hoc|iPhone.Deploy.0 = Release|Any CPU
		{F95B63A6-DDF3-431D-8743-1374B7AB14CC}.Ad-Hoc|iPhoneSimulator.ActiveCfg = Release|Any CPU
		{F95B63A6-DDF3-431D-8743-1374B7AB14CC}.Ad-Hoc|iPhoneSimulator.Build.0 = Release|Any CPU
		{F95B63A6-DDF3-431D-8743-1374B7AB14CC}.Ad-Hoc|iPhoneSimulator.Deploy.0 = Release|Any CPU
		{F95B63A6-DDF3-431D-8743-1374B7AB14CC}.Ad-Hoc|x64.ActiveCfg = Release|Any CPU
		{F95B63A6-DDF3-431D-8743-1374B7AB14CC}.Ad-Hoc|x64.Build.0 = Release|Any CPU
		{F95B63A6-DDF3-431D-8743-1374B7AB14CC}.Ad-Hoc|x64.Deploy.0 = Release|Any CPU
		{F95B63A6-DDF3-431D-8743-1374B7AB14CC}.Ad-Hoc|x86.ActiveCfg = Release|Any CPU
		{F95B63A6-DDF3-431D-8743-1374B7AB14CC}.Ad-Hoc|x86.Build.0 = Release|Any CPU
		{F95B63A6-DDF3-431D-8743-1374B7AB14CC}.Ad-Hoc|x86.Deploy.0 = Release|Any CPU
		{F95B63A6-DDF3-431D-8743-1374B7AB14CC}.AppStore|Any CPU.ActiveCfg = Release|Any CPU
		{F95B63A6-DDF3-431D-8743-1374B7AB14CC}.AppStore|Any CPU.Build.0 = Release|Any CPU
		{F95B63A6-DDF3-431D-8743-1374B7AB14CC}.AppStore|Any CPU.Deploy.0 = Release|Any CPU
		{F95B63A6-DDF3-431D-8743-1374B7AB14CC}.AppStore|ARM.ActiveCfg = Release|Any CPU
		{F95B63A6-DDF3-431D-8743-1374B7AB14CC}.AppStore|ARM.Build.0 = Release|Any CPU
		{F95B63A6-DDF3-431D-8743-1374B7AB14CC}.AppStore|ARM.Deploy.0 = Release|Any CPU
		{F95B63A6-DDF3-431D-8743-1374B7AB14CC}.AppStore|iPhone.ActiveCfg = Release|Any CPU
		{F95B63A6-DDF3-431D-8743-1374B7AB14CC}.AppStore|iPhone.Build.0 = Release|Any CPU
		{F95B63A6-DDF3-431D-8743-1374B7AB14CC}.AppStore|iPhone.Deploy.0 = Release|Any CPU
		{F95B63A6-DDF3-431D-8743-1374B7AB14CC}.AppStore|iPhoneSimulator.ActiveCfg = Release|Any CPU
		{F95B63A6-DDF3-431D-8743-1374B7AB14CC}.AppStore|iPhoneSimulator.Build.0 = Release|Any CPU
		{F95B63A6-DDF3-431D-8743-1374B7AB14CC}.AppStore|iPhoneSimulator.Deploy.0 = Release|Any CPU
		{F95B63A6-DDF3-431D-8743-1374B7AB14CC}.AppStore|x64.ActiveCfg = Release|Any CPU
		{F95B63A6-DDF3-431D-8743-1374B7AB14CC}.AppStore|x64.Build.0 = Release|Any CPU
		{F95B63A6-DDF3-431D-8743-1374B7AB14CC}.AppStore|x64.Deploy.0 = Release|Any CPU
		{F95B63A6-DDF3-431D-8743-1374B7AB14CC}.AppStore|x86.ActiveCfg = Release|Any CPU
		{F95B63A6-DDF3-431D-8743-1374B7AB14CC}.AppStore|x86.Build.0 = Release|Any CPU
		{F95B63A6-DDF3-431D-8743-1374B7AB14CC}.AppStore|x86.Deploy.0 = Release|Any CPU
		{F95B63A6-DDF3-431D-8743-1374B7AB14CC}.Debug|Any CPU.ActiveCfg = Debug|Any CPU
		{F95B63A6-DDF3-431D-8743-1374B7AB14CC}.Debug|Any CPU.Build.0 = Debug|Any CPU
		{F95B63A6-DDF3-431D-8743-1374B7AB14CC}.Debug|Any CPU.Deploy.0 = Debug|Any CPU
		{F95B63A6-DDF3-431D-8743-1374B7AB14CC}.Debug|ARM.ActiveCfg = Debug|Any CPU
		{F95B63A6-DDF3-431D-8743-1374B7AB14CC}.Debug|ARM.Build.0 = Debug|Any CPU
		{F95B63A6-DDF3-431D-8743-1374B7AB14CC}.Debug|ARM.Deploy.0 = Debug|Any CPU
		{F95B63A6-DDF3-431D-8743-1374B7AB14CC}.Debug|iPhone.ActiveCfg = Debug|Any CPU
		{F95B63A6-DDF3-431D-8743-1374B7AB14CC}.Debug|iPhone.Build.0 = Debug|Any CPU
		{F95B63A6-DDF3-431D-8743-1374B7AB14CC}.Debug|iPhone.Deploy.0 = Debug|Any CPU
		{F95B63A6-DDF3-431D-8743-1374B7AB14CC}.Debug|iPhoneSimulator.ActiveCfg = Debug|Any CPU
		{F95B63A6-DDF3-431D-8743-1374B7AB14CC}.Debug|iPhoneSimulator.Build.0 = Debug|Any CPU
		{F95B63A6-DDF3-431D-8743-1374B7AB14CC}.Debug|iPhoneSimulator.Deploy.0 = Debug|Any CPU
		{F95B63A6-DDF3-431D-8743-1374B7AB14CC}.Debug|x64.ActiveCfg = Debug|Any CPU
		{F95B63A6-DDF3-431D-8743-1374B7AB14CC}.Debug|x64.Build.0 = Debug|Any CPU
		{F95B63A6-DDF3-431D-8743-1374B7AB14CC}.Debug|x64.Deploy.0 = Debug|Any CPU
		{F95B63A6-DDF3-431D-8743-1374B7AB14CC}.Debug|x86.ActiveCfg = Debug|Any CPU
		{F95B63A6-DDF3-431D-8743-1374B7AB14CC}.Debug|x86.Build.0 = Debug|Any CPU
		{F95B63A6-DDF3-431D-8743-1374B7AB14CC}.Debug|x86.Deploy.0 = Debug|Any CPU
		{F95B63A6-DDF3-431D-8743-1374B7AB14CC}.Release|Any CPU.ActiveCfg = Release|Any CPU
		{F95B63A6-DDF3-431D-8743-1374B7AB14CC}.Release|Any CPU.Build.0 = Release|Any CPU
		{F95B63A6-DDF3-431D-8743-1374B7AB14CC}.Release|Any CPU.Deploy.0 = Release|Any CPU
		{F95B63A6-DDF3-431D-8743-1374B7AB14CC}.Release|ARM.ActiveCfg = Release|Any CPU
		{F95B63A6-DDF3-431D-8743-1374B7AB14CC}.Release|ARM.Build.0 = Release|Any CPU
		{F95B63A6-DDF3-431D-8743-1374B7AB14CC}.Release|ARM.Deploy.0 = Release|Any CPU
		{F95B63A6-DDF3-431D-8743-1374B7AB14CC}.Release|iPhone.ActiveCfg = Release|Any CPU
		{F95B63A6-DDF3-431D-8743-1374B7AB14CC}.Release|iPhone.Build.0 = Release|Any CPU
		{F95B63A6-DDF3-431D-8743-1374B7AB14CC}.Release|iPhone.Deploy.0 = Release|Any CPU
		{F95B63A6-DDF3-431D-8743-1374B7AB14CC}.Release|iPhoneSimulator.ActiveCfg = Release|Any CPU
		{F95B63A6-DDF3-431D-8743-1374B7AB14CC}.Release|iPhoneSimulator.Build.0 = Release|Any CPU
		{F95B63A6-DDF3-431D-8743-1374B7AB14CC}.Release|iPhoneSimulator.Deploy.0 = Release|Any CPU
		{F95B63A6-DDF3-431D-8743-1374B7AB14CC}.Release|x64.ActiveCfg = Release|Any CPU
		{F95B63A6-DDF3-431D-8743-1374B7AB14CC}.Release|x64.Build.0 = Release|Any CPU
		{F95B63A6-DDF3-431D-8743-1374B7AB14CC}.Release|x64.Deploy.0 = Release|Any CPU
		{F95B63A6-DDF3-431D-8743-1374B7AB14CC}.Release|x86.ActiveCfg = Release|Any CPU
		{F95B63A6-DDF3-431D-8743-1374B7AB14CC}.Release|x86.Build.0 = Release|Any CPU
		{F95B63A6-DDF3-431D-8743-1374B7AB14CC}.Release|x86.Deploy.0 = Release|Any CPU
		{48969D74-F878-4653-BB52-7E37440F5C04}.Ad-Hoc|Any CPU.ActiveCfg = Ad-Hoc|iPhone
		{48969D74-F878-4653-BB52-7E37440F5C04}.Ad-Hoc|ARM.ActiveCfg = Ad-Hoc|iPhone
		{48969D74-F878-4653-BB52-7E37440F5C04}.Ad-Hoc|iPhone.ActiveCfg = Ad-Hoc|iPhone
		{48969D74-F878-4653-BB52-7E37440F5C04}.Ad-Hoc|iPhone.Build.0 = Ad-Hoc|iPhone
		{48969D74-F878-4653-BB52-7E37440F5C04}.Ad-Hoc|iPhoneSimulator.ActiveCfg = Ad-Hoc|iPhoneSimulator
		{48969D74-F878-4653-BB52-7E37440F5C04}.Ad-Hoc|iPhoneSimulator.Build.0 = Ad-Hoc|iPhoneSimulator
		{48969D74-F878-4653-BB52-7E37440F5C04}.Ad-Hoc|x64.ActiveCfg = Ad-Hoc|iPhone
		{48969D74-F878-4653-BB52-7E37440F5C04}.Ad-Hoc|x86.ActiveCfg = Ad-Hoc|iPhone
		{48969D74-F878-4653-BB52-7E37440F5C04}.AppStore|Any CPU.ActiveCfg = AppStore|iPhone
		{48969D74-F878-4653-BB52-7E37440F5C04}.AppStore|ARM.ActiveCfg = AppStore|iPhone
		{48969D74-F878-4653-BB52-7E37440F5C04}.AppStore|iPhone.ActiveCfg = AppStore|iPhone
		{48969D74-F878-4653-BB52-7E37440F5C04}.AppStore|iPhone.Build.0 = AppStore|iPhone
		{48969D74-F878-4653-BB52-7E37440F5C04}.AppStore|iPhoneSimulator.ActiveCfg = AppStore|iPhoneSimulator
		{48969D74-F878-4653-BB52-7E37440F5C04}.AppStore|iPhoneSimulator.Build.0 = AppStore|iPhoneSimulator
		{48969D74-F878-4653-BB52-7E37440F5C04}.AppStore|x64.ActiveCfg = AppStore|iPhone
		{48969D74-F878-4653-BB52-7E37440F5C04}.AppStore|x86.ActiveCfg = AppStore|iPhone
		{48969D74-F878-4653-BB52-7E37440F5C04}.Debug|Any CPU.ActiveCfg = Debug|iPhone
		{48969D74-F878-4653-BB52-7E37440F5C04}.Debug|ARM.ActiveCfg = Debug|iPhone
		{48969D74-F878-4653-BB52-7E37440F5C04}.Debug|iPhone.ActiveCfg = Debug|iPhone
		{48969D74-F878-4653-BB52-7E37440F5C04}.Debug|iPhone.Build.0 = Debug|iPhone
		{48969D74-F878-4653-BB52-7E37440F5C04}.Debug|iPhoneSimulator.ActiveCfg = Debug|iPhoneSimulator
		{48969D74-F878-4653-BB52-7E37440F5C04}.Debug|iPhoneSimulator.Build.0 = Debug|iPhoneSimulator
		{48969D74-F878-4653-BB52-7E37440F5C04}.Debug|x64.ActiveCfg = Debug|iPhone
		{48969D74-F878-4653-BB52-7E37440F5C04}.Debug|x86.ActiveCfg = Debug|iPhone
		{48969D74-F878-4653-BB52-7E37440F5C04}.Release|Any CPU.ActiveCfg = Release|iPhone
		{48969D74-F878-4653-BB52-7E37440F5C04}.Release|ARM.ActiveCfg = Release|iPhone
		{48969D74-F878-4653-BB52-7E37440F5C04}.Release|iPhone.ActiveCfg = Release|iPhone
		{48969D74-F878-4653-BB52-7E37440F5C04}.Release|iPhone.Build.0 = Release|iPhone
		{48969D74-F878-4653-BB52-7E37440F5C04}.Release|iPhoneSimulator.ActiveCfg = Release|iPhoneSimulator
		{48969D74-F878-4653-BB52-7E37440F5C04}.Release|iPhoneSimulator.Build.0 = Release|iPhoneSimulator
		{48969D74-F878-4653-BB52-7E37440F5C04}.Release|x64.ActiveCfg = Release|iPhone
		{48969D74-F878-4653-BB52-7E37440F5C04}.Release|x86.ActiveCfg = Release|iPhone
		{616372F3-0C6D-4CE9-B108-E497E9A9687B}.Ad-Hoc|Any CPU.ActiveCfg = Release|Any CPU
		{616372F3-0C6D-4CE9-B108-E497E9A9687B}.Ad-Hoc|Any CPU.Build.0 = Release|Any CPU
		{616372F3-0C6D-4CE9-B108-E497E9A9687B}.Ad-Hoc|ARM.ActiveCfg = Release|Any CPU
		{616372F3-0C6D-4CE9-B108-E497E9A9687B}.Ad-Hoc|ARM.Build.0 = Release|Any CPU
		{616372F3-0C6D-4CE9-B108-E497E9A9687B}.Ad-Hoc|iPhone.ActiveCfg = Release|Any CPU
		{616372F3-0C6D-4CE9-B108-E497E9A9687B}.Ad-Hoc|iPhone.Build.0 = Release|Any CPU
		{616372F3-0C6D-4CE9-B108-E497E9A9687B}.Ad-Hoc|iPhoneSimulator.ActiveCfg = Release|Any CPU
		{616372F3-0C6D-4CE9-B108-E497E9A9687B}.Ad-Hoc|iPhoneSimulator.Build.0 = Release|Any CPU
		{616372F3-0C6D-4CE9-B108-E497E9A9687B}.Ad-Hoc|x64.ActiveCfg = Release|Any CPU
		{616372F3-0C6D-4CE9-B108-E497E9A9687B}.Ad-Hoc|x64.Build.0 = Release|Any CPU
		{616372F3-0C6D-4CE9-B108-E497E9A9687B}.Ad-Hoc|x86.ActiveCfg = Release|Any CPU
		{616372F3-0C6D-4CE9-B108-E497E9A9687B}.Ad-Hoc|x86.Build.0 = Release|Any CPU
		{616372F3-0C6D-4CE9-B108-E497E9A9687B}.AppStore|Any CPU.ActiveCfg = Release|Any CPU
		{616372F3-0C6D-4CE9-B108-E497E9A9687B}.AppStore|Any CPU.Build.0 = Release|Any CPU
		{616372F3-0C6D-4CE9-B108-E497E9A9687B}.AppStore|ARM.ActiveCfg = Release|Any CPU
		{616372F3-0C6D-4CE9-B108-E497E9A9687B}.AppStore|ARM.Build.0 = Release|Any CPU
		{616372F3-0C6D-4CE9-B108-E497E9A9687B}.AppStore|iPhone.ActiveCfg = Release|Any CPU
		{616372F3-0C6D-4CE9-B108-E497E9A9687B}.AppStore|iPhone.Build.0 = Release|Any CPU
		{616372F3-0C6D-4CE9-B108-E497E9A9687B}.AppStore|iPhoneSimulator.ActiveCfg = Release|Any CPU
		{616372F3-0C6D-4CE9-B108-E497E9A9687B}.AppStore|iPhoneSimulator.Build.0 = Release|Any CPU
		{616372F3-0C6D-4CE9-B108-E497E9A9687B}.AppStore|x64.ActiveCfg = Release|Any CPU
		{616372F3-0C6D-4CE9-B108-E497E9A9687B}.AppStore|x64.Build.0 = Release|Any CPU
		{616372F3-0C6D-4CE9-B108-E497E9A9687B}.AppStore|x86.ActiveCfg = Release|Any CPU
		{616372F3-0C6D-4CE9-B108-E497E9A9687B}.AppStore|x86.Build.0 = Release|Any CPU
		{616372F3-0C6D-4CE9-B108-E497E9A9687B}.Debug|Any CPU.ActiveCfg = Debug|Any CPU
		{616372F3-0C6D-4CE9-B108-E497E9A9687B}.Debug|Any CPU.Build.0 = Debug|Any CPU
		{616372F3-0C6D-4CE9-B108-E497E9A9687B}.Debug|ARM.ActiveCfg = Debug|Any CPU
		{616372F3-0C6D-4CE9-B108-E497E9A9687B}.Debug|ARM.Build.0 = Debug|Any CPU
		{616372F3-0C6D-4CE9-B108-E497E9A9687B}.Debug|iPhone.ActiveCfg = Debug|Any CPU
		{616372F3-0C6D-4CE9-B108-E497E9A9687B}.Debug|iPhone.Build.0 = Debug|Any CPU
		{616372F3-0C6D-4CE9-B108-E497E9A9687B}.Debug|iPhoneSimulator.ActiveCfg = Debug|Any CPU
		{616372F3-0C6D-4CE9-B108-E497E9A9687B}.Debug|iPhoneSimulator.Build.0 = Debug|Any CPU
		{616372F3-0C6D-4CE9-B108-E497E9A9687B}.Debug|x64.ActiveCfg = Debug|Any CPU
		{616372F3-0C6D-4CE9-B108-E497E9A9687B}.Debug|x64.Build.0 = Debug|Any CPU
		{616372F3-0C6D-4CE9-B108-E497E9A9687B}.Debug|x86.ActiveCfg = Debug|Any CPU
		{616372F3-0C6D-4CE9-B108-E497E9A9687B}.Debug|x86.Build.0 = Debug|Any CPU
		{616372F3-0C6D-4CE9-B108-E497E9A9687B}.Release|Any CPU.ActiveCfg = Release|Any CPU
		{616372F3-0C6D-4CE9-B108-E497E9A9687B}.Release|Any CPU.Build.0 = Release|Any CPU
		{616372F3-0C6D-4CE9-B108-E497E9A9687B}.Release|ARM.ActiveCfg = Release|Any CPU
		{616372F3-0C6D-4CE9-B108-E497E9A9687B}.Release|ARM.Build.0 = Release|Any CPU
		{616372F3-0C6D-4CE9-B108-E497E9A9687B}.Release|iPhone.ActiveCfg = Release|Any CPU
		{616372F3-0C6D-4CE9-B108-E497E9A9687B}.Release|iPhone.Build.0 = Release|Any CPU
		{616372F3-0C6D-4CE9-B108-E497E9A9687B}.Release|iPhoneSimulator.ActiveCfg = Release|Any CPU
		{616372F3-0C6D-4CE9-B108-E497E9A9687B}.Release|iPhoneSimulator.Build.0 = Release|Any CPU
		{616372F3-0C6D-4CE9-B108-E497E9A9687B}.Release|x64.ActiveCfg = Release|Any CPU
		{616372F3-0C6D-4CE9-B108-E497E9A9687B}.Release|x64.Build.0 = Release|Any CPU
		{616372F3-0C6D-4CE9-B108-E497E9A9687B}.Release|x86.ActiveCfg = Release|Any CPU
		{616372F3-0C6D-4CE9-B108-E497E9A9687B}.Release|x86.Build.0 = Release|Any CPU
	EndGlobalSection
	GlobalSection(SolutionProperties) = preSolution
		HideSolutionNode = FALSE
	EndGlobalSection
EndGlobal
