
Microsoft Visual Studio Solution File, Format Version 12.00
# Visual Studio 14
VisualStudioVersion = 14.0.25420.1
MinimumVisualStudioVersion = 10.0.40219.1
Project("{FAE04EC0-301F-11D3-BF4B-00C04F79EFBC}") = "XamlSampleGrids.Droid", "XamlSampleGrids\XamlSampleGrids.Droid\XamlSampleGrids.Droid.csproj", "{B7617CC1-21EB-437E-96A9-6ABE0696EB91}"
EndProject
Project("{FAE04EC0-301F-11D3-BF4B-00C04F79EFBC}") = "XamlSampleGrids.iOS", "XamlSampleGrids\XamlSampleGrids.iOS\XamlSampleGrids.iOS.csproj", "{B8F9F5FE-EEF0-4DA7-A8DA-7F87154F9B27}"
EndProject
Project("{FAE04EC0-301F-11D3-BF4B-00C04F79EFBC}") = "XamlSampleGrids.WinPhone", "XamlSampleGrids\XamlSampleGrids.WinPhone\XamlSampleGrids.WinPhone.csproj", "{CB01574F-63B2-421E-A80D-0FBAC53242B3}"
EndProject
Project("{FAE04EC0-301F-11D3-BF4B-00C04F79EFBC}") = "XamlSampleGrids.Windows", "XamlSampleGrids\XamlSampleGrids.Windows\XamlSampleGrids.Windows.csproj", "{615E155E-BEDF-4C75-B4F3-7F9E4DB16D3B}"
EndProject
Project("{FAE04EC0-301F-11D3-BF4B-00C04F79EFBC}") = "XamlSampleGrids", "XamlSampleGrids\XamlSampleGrids\XamlSampleGrids.csproj", "{0A33A14F-2A6B-43D2-861A-E41C609EE5C4}"
EndProject
Global
	GlobalSection(SolutionConfigurationPlatforms) = preSolution
		Ad-Hoc|Any CPU = Ad-Hoc|Any CPU
		Ad-Hoc|ARM = Ad-Hoc|ARM
		Ad-Hoc|iPhone = Ad-Hoc|iPhone
		Ad-Hoc|iPhoneSimulator = Ad-Hoc|iPhoneSimulator
		Ad-Hoc|x64 = Ad-Hoc|x64
		Ad-Hoc|x86 = Ad-Hoc|x86
		AppStore|Any CPU = AppStore|Any CPU
		AppStore|ARM = AppStore|ARM
		AppStore|iPhone = AppStore|iPhone
		AppStore|iPhoneSimulator = AppStore|iPhoneSimulator
		AppStore|x64 = AppStore|x64
		AppStore|x86 = AppStore|x86
		Debug|Any CPU = Debug|Any CPU
		Debug|ARM = Debug|ARM
		Debug|iPhone = Debug|iPhone
		Debug|iPhoneSimulator = Debug|iPhoneSimulator
		Debug|x64 = Debug|x64
		Debug|x86 = Debug|x86
		Release|Any CPU = Release|Any CPU
		Release|ARM = Release|ARM
		Release|iPhone = Release|iPhone
		Release|iPhoneSimulator = Release|iPhoneSimulator
		Release|x64 = Release|x64
		Release|x86 = Release|x86
	EndGlobalSection
	GlobalSection(ProjectConfigurationPlatforms) = postSolution
		{B7617CC1-21EB-437E-96A9-6ABE0696EB91}.Ad-Hoc|Any CPU.ActiveCfg = Release|Any CPU
		{B7617CC1-21EB-437E-96A9-6ABE0696EB91}.Ad-Hoc|Any CPU.Build.0 = Release|Any CPU
		{B7617CC1-21EB-437E-96A9-6ABE0696EB91}.Ad-Hoc|Any CPU.Deploy.0 = Release|Any CPU
		{B7617CC1-21EB-437E-96A9-6ABE0696EB91}.Ad-Hoc|ARM.ActiveCfg = Release|Any CPU
		{B7617CC1-21EB-437E-96A9-6ABE0696EB91}.Ad-Hoc|ARM.Build.0 = Release|Any CPU
		{B7617CC1-21EB-437E-96A9-6ABE0696EB91}.Ad-Hoc|ARM.Deploy.0 = Release|Any CPU
		{B7617CC1-21EB-437E-96A9-6ABE0696EB91}.Ad-Hoc|iPhone.ActiveCfg = Release|Any CPU
		{B7617CC1-21EB-437E-96A9-6ABE0696EB91}.Ad-Hoc|iPhone.Build.0 = Release|Any CPU
		{B7617CC1-21EB-437E-96A9-6ABE0696EB91}.Ad-Hoc|iPhone.Deploy.0 = Release|Any CPU
		{B7617CC1-21EB-437E-96A9-6ABE0696EB91}.Ad-Hoc|iPhoneSimulator.ActiveCfg = Release|Any CPU
		{B7617CC1-21EB-437E-96A9-6ABE0696EB91}.Ad-Hoc|iPhoneSimulator.Build.0 = Release|Any CPU
		{B7617CC1-21EB-437E-96A9-6ABE0696EB91}.Ad-Hoc|iPhoneSimulator.Deploy.0 = Release|Any CPU
		{B7617CC1-21EB-437E-96A9-6ABE0696EB91}.Ad-Hoc|x64.ActiveCfg = Release|Any CPU
		{B7617CC1-21EB-437E-96A9-6ABE0696EB91}.Ad-Hoc|x64.Build.0 = Release|Any CPU
		{B7617CC1-21EB-437E-96A9-6ABE0696EB91}.Ad-Hoc|x64.Deploy.0 = Release|Any CPU
		{B7617CC1-21EB-437E-96A9-6ABE0696EB91}.Ad-Hoc|x86.ActiveCfg = Release|Any CPU
		{B7617CC1-21EB-437E-96A9-6ABE0696EB91}.Ad-Hoc|x86.Build.0 = Release|Any CPU
		{B7617CC1-21EB-437E-96A9-6ABE0696EB91}.Ad-Hoc|x86.Deploy.0 = Release|Any CPU
		{B7617CC1-21EB-437E-96A9-6ABE0696EB91}.AppStore|Any CPU.ActiveCfg = Release|Any CPU
		{B7617CC1-21EB-437E-96A9-6ABE0696EB91}.AppStore|Any CPU.Build.0 = Release|Any CPU
		{B7617CC1-21EB-437E-96A9-6ABE0696EB91}.AppStore|Any CPU.Deploy.0 = Release|Any CPU
		{B7617CC1-21EB-437E-96A9-6ABE0696EB91}.AppStore|ARM.ActiveCfg = Release|Any CPU
		{B7617CC1-21EB-437E-96A9-6ABE0696EB91}.AppStore|ARM.Build.0 = Release|Any CPU
		{B7617CC1-21EB-437E-96A9-6ABE0696EB91}.AppStore|ARM.Deploy.0 = Release|Any CPU
		{B7617CC1-21EB-437E-96A9-6ABE0696EB91}.AppStore|iPhone.ActiveCfg = Release|Any CPU
		{B7617CC1-21EB-437E-96A9-6ABE0696EB91}.AppStore|iPhone.Build.0 = Release|Any CPU
		{B7617CC1-21EB-437E-96A9-6ABE0696EB91}.AppStore|iPhone.Deploy.0 = Release|Any CPU
		{B7617CC1-21EB-437E-96A9-6ABE0696EB91}.AppStore|iPhoneSimulator.ActiveCfg = Release|Any CPU
		{B7617CC1-21EB-437E-96A9-6ABE0696EB91}.AppStore|iPhoneSimulator.Build.0 = Release|Any CPU
		{B7617CC1-21EB-437E-96A9-6ABE0696EB91}.AppStore|iPhoneSimulator.Deploy.0 = Release|Any CPU
		{B7617CC1-21EB-437E-96A9-6ABE0696EB91}.AppStore|x64.ActiveCfg = Release|Any CPU
		{B7617CC1-21EB-437E-96A9-6ABE0696EB91}.AppStore|x64.Build.0 = Release|Any CPU
		{B7617CC1-21EB-437E-96A9-6ABE0696EB91}.AppStore|x64.Deploy.0 = Release|Any CPU
		{B7617CC1-21EB-437E-96A9-6ABE0696EB91}.AppStore|x86.ActiveCfg = Release|Any CPU
		{B7617CC1-21EB-437E-96A9-6ABE0696EB91}.AppStore|x86.Build.0 = Release|Any CPU
		{B7617CC1-21EB-437E-96A9-6ABE0696EB91}.AppStore|x86.Deploy.0 = Release|Any CPU
		{B7617CC1-21EB-437E-96A9-6ABE0696EB91}.Debug|Any CPU.ActiveCfg = Debug|Any CPU
		{B7617CC1-21EB-437E-96A9-6ABE0696EB91}.Debug|Any CPU.Build.0 = Debug|Any CPU
		{B7617CC1-21EB-437E-96A9-6ABE0696EB91}.Debug|Any CPU.Deploy.0 = Debug|Any CPU
		{B7617CC1-21EB-437E-96A9-6ABE0696EB91}.Debug|ARM.ActiveCfg = Debug|Any CPU
		{B7617CC1-21EB-437E-96A9-6ABE0696EB91}.Debug|ARM.Build.0 = Debug|Any CPU
		{B7617CC1-21EB-437E-96A9-6ABE0696EB91}.Debug|ARM.Deploy.0 = Debug|Any CPU
		{B7617CC1-21EB-437E-96A9-6ABE0696EB91}.Debug|iPhone.ActiveCfg = Debug|Any CPU
		{B7617CC1-21EB-437E-96A9-6ABE0696EB91}.Debug|iPhone.Build.0 = Debug|Any CPU
		{B7617CC1-21EB-437E-96A9-6ABE0696EB91}.Debug|iPhone.Deploy.0 = Debug|Any CPU
		{B7617CC1-21EB-437E-96A9-6ABE0696EB91}.Debug|iPhoneSimulator.ActiveCfg = Debug|Any CPU
		{B7617CC1-21EB-437E-96A9-6ABE0696EB91}.Debug|iPhoneSimulator.Build.0 = Debug|Any CPU
		{B7617CC1-21EB-437E-96A9-6ABE0696EB91}.Debug|iPhoneSimulator.Deploy.0 = Debug|Any CPU
		{B7617CC1-21EB-437E-96A9-6ABE0696EB91}.Debug|x64.ActiveCfg = Debug|Any CPU
		{B7617CC1-21EB-437E-96A9-6ABE0696EB91}.Debug|x64.Build.0 = Debug|Any CPU
		{B7617CC1-21EB-437E-96A9-6ABE0696EB91}.Debug|x64.Deploy.0 = Debug|Any CPU
		{B7617CC1-21EB-437E-96A9-6ABE0696EB91}.Debug|x86.ActiveCfg = Debug|Any CPU
		{B7617CC1-21EB-437E-96A9-6ABE0696EB91}.Debug|x86.Build.0 = Debug|Any CPU
		{B7617CC1-21EB-437E-96A9-6ABE0696EB91}.Debug|x86.Deploy.0 = Debug|Any CPU
		{B7617CC1-21EB-437E-96A9-6ABE0696EB91}.Release|Any CPU.ActiveCfg = Release|Any CPU
		{B7617CC1-21EB-437E-96A9-6ABE0696EB91}.Release|Any CPU.Build.0 = Release|Any CPU
		{B7617CC1-21EB-437E-96A9-6ABE0696EB91}.Release|Any CPU.Deploy.0 = Release|Any CPU
		{B7617CC1-21EB-437E-96A9-6ABE0696EB91}.Release|ARM.ActiveCfg = Release|Any CPU
		{B7617CC1-21EB-437E-96A9-6ABE0696EB91}.Release|ARM.Build.0 = Release|Any CPU
		{B7617CC1-21EB-437E-96A9-6ABE0696EB91}.Release|ARM.Deploy.0 = Release|Any CPU
		{B7617CC1-21EB-437E-96A9-6ABE0696EB91}.Release|iPhone.ActiveCfg = Release|Any CPU
		{B7617CC1-21EB-437E-96A9-6ABE0696EB91}.Release|iPhone.Build.0 = Release|Any CPU
		{B7617CC1-21EB-437E-96A9-6ABE0696EB91}.Release|iPhone.Deploy.0 = Release|Any CPU
		{B7617CC1-21EB-437E-96A9-6ABE0696EB91}.Release|iPhoneSimulator.ActiveCfg = Release|Any CPU
		{B7617CC1-21EB-437E-96A9-6ABE0696EB91}.Release|iPhoneSimulator.Build.0 = Release|Any CPU
		{B7617CC1-21EB-437E-96A9-6ABE0696EB91}.Release|iPhoneSimulator.Deploy.0 = Release|Any CPU
		{B7617CC1-21EB-437E-96A9-6ABE0696EB91}.Release|x64.ActiveCfg = Release|Any CPU
		{B7617CC1-21EB-437E-96A9-6ABE0696EB91}.Release|x64.Build.0 = Release|Any CPU
		{B7617CC1-21EB-437E-96A9-6ABE0696EB91}.Release|x64.Deploy.0 = Release|Any CPU
		{B7617CC1-21EB-437E-96A9-6ABE0696EB91}.Release|x86.ActiveCfg = Release|Any CPU
		{B7617CC1-21EB-437E-96A9-6ABE0696EB91}.Release|x86.Build.0 = Release|Any CPU
		{B7617CC1-21EB-437E-96A9-6ABE0696EB91}.Release|x86.Deploy.0 = Release|Any CPU
		{B8F9F5FE-EEF0-4DA7-A8DA-7F87154F9B27}.Ad-Hoc|Any CPU.ActiveCfg = Ad-Hoc|iPhone
		{B8F9F5FE-EEF0-4DA7-A8DA-7F87154F9B27}.Ad-Hoc|ARM.ActiveCfg = Ad-Hoc|iPhone
		{B8F9F5FE-EEF0-4DA7-A8DA-7F87154F9B27}.Ad-Hoc|iPhone.ActiveCfg = Ad-Hoc|iPhone
		{B8F9F5FE-EEF0-4DA7-A8DA-7F87154F9B27}.Ad-Hoc|iPhone.Build.0 = Ad-Hoc|iPhone
		{B8F9F5FE-EEF0-4DA7-A8DA-7F87154F9B27}.Ad-Hoc|iPhoneSimulator.ActiveCfg = Ad-Hoc|iPhoneSimulator
		{B8F9F5FE-EEF0-4DA7-A8DA-7F87154F9B27}.Ad-Hoc|iPhoneSimulator.Build.0 = Ad-Hoc|iPhoneSimulator
		{B8F9F5FE-EEF0-4DA7-A8DA-7F87154F9B27}.Ad-Hoc|x64.ActiveCfg = Ad-Hoc|iPhone
		{B8F9F5FE-EEF0-4DA7-A8DA-7F87154F9B27}.Ad-Hoc|x86.ActiveCfg = Ad-Hoc|iPhone
		{B8F9F5FE-EEF0-4DA7-A8DA-7F87154F9B27}.AppStore|Any CPU.ActiveCfg = AppStore|iPhone
		{B8F9F5FE-EEF0-4DA7-A8DA-7F87154F9B27}.AppStore|ARM.ActiveCfg = AppStore|iPhone
		{B8F9F5FE-EEF0-4DA7-A8DA-7F87154F9B27}.AppStore|iPhone.ActiveCfg = AppStore|iPhone
		{B8F9F5FE-EEF0-4DA7-A8DA-7F87154F9B27}.AppStore|iPhone.Build.0 = AppStore|iPhone
		{B8F9F5FE-EEF0-4DA7-A8DA-7F87154F9B27}.AppStore|iPhoneSimulator.ActiveCfg = AppStore|iPhoneSimulator
		{B8F9F5FE-EEF0-4DA7-A8DA-7F87154F9B27}.AppStore|iPhoneSimulator.Build.0 = AppStore|iPhoneSimulator
		{B8F9F5FE-EEF0-4DA7-A8DA-7F87154F9B27}.AppStore|x64.ActiveCfg = AppStore|iPhone
		{B8F9F5FE-EEF0-4DA7-A8DA-7F87154F9B27}.AppStore|x86.ActiveCfg = AppStore|iPhone
		{B8F9F5FE-EEF0-4DA7-A8DA-7F87154F9B27}.Debug|Any CPU.ActiveCfg = Debug|iPhone
		{B8F9F5FE-EEF0-4DA7-A8DA-7F87154F9B27}.Debug|ARM.ActiveCfg = Debug|iPhone
		{B8F9F5FE-EEF0-4DA7-A8DA-7F87154F9B27}.Debug|iPhone.ActiveCfg = Debug|iPhone
		{B8F9F5FE-EEF0-4DA7-A8DA-7F87154F9B27}.Debug|iPhone.Build.0 = Debug|iPhone
		{B8F9F5FE-EEF0-4DA7-A8DA-7F87154F9B27}.Debug|iPhoneSimulator.ActiveCfg = Debug|iPhoneSimulator
		{B8F9F5FE-EEF0-4DA7-A8DA-7F87154F9B27}.Debug|iPhoneSimulator.Build.0 = Debug|iPhoneSimulator
		{B8F9F5FE-EEF0-4DA7-A8DA-7F87154F9B27}.Debug|x64.ActiveCfg = Debug|iPhone
		{B8F9F5FE-EEF0-4DA7-A8DA-7F87154F9B27}.Debug|x86.ActiveCfg = Debug|iPhone
		{B8F9F5FE-EEF0-4DA7-A8DA-7F87154F9B27}.Release|Any CPU.ActiveCfg = Release|iPhone
		{B8F9F5FE-EEF0-4DA7-A8DA-7F87154F9B27}.Release|ARM.ActiveCfg = Release|iPhone
		{B8F9F5FE-EEF0-4DA7-A8DA-7F87154F9B27}.Release|iPhone.ActiveCfg = Release|iPhone
		{B8F9F5FE-EEF0-4DA7-A8DA-7F87154F9B27}.Release|iPhone.Build.0 = Release|iPhone
		{B8F9F5FE-EEF0-4DA7-A8DA-7F87154F9B27}.Release|iPhoneSimulator.ActiveCfg = Release|iPhoneSimulator
		{B8F9F5FE-EEF0-4DA7-A8DA-7F87154F9B27}.Release|iPhoneSimulator.Build.0 = Release|iPhoneSimulator
		{B8F9F5FE-EEF0-4DA7-A8DA-7F87154F9B27}.Release|x64.ActiveCfg = Release|iPhone
		{B8F9F5FE-EEF0-4DA7-A8DA-7F87154F9B27}.Release|x86.ActiveCfg = Release|iPhone
		{CB01574F-63B2-421E-A80D-0FBAC53242B3}.Ad-Hoc|Any CPU.ActiveCfg = Release|Any CPU
		{CB01574F-63B2-421E-A80D-0FBAC53242B3}.Ad-Hoc|Any CPU.Build.0 = Release|Any CPU
		{CB01574F-63B2-421E-A80D-0FBAC53242B3}.Ad-Hoc|Any CPU.Deploy.0 = Release|Any CPU
		{CB01574F-63B2-421E-A80D-0FBAC53242B3}.Ad-Hoc|ARM.ActiveCfg = Release|ARM
		{CB01574F-63B2-421E-A80D-0FBAC53242B3}.Ad-Hoc|ARM.Build.0 = Release|ARM
		{CB01574F-63B2-421E-A80D-0FBAC53242B3}.Ad-Hoc|ARM.Deploy.0 = Release|ARM
		{CB01574F-63B2-421E-A80D-0FBAC53242B3}.Ad-Hoc|iPhone.ActiveCfg = Release|Any CPU
		{CB01574F-63B2-421E-A80D-0FBAC53242B3}.Ad-Hoc|iPhone.Build.0 = Release|Any CPU
		{CB01574F-63B2-421E-A80D-0FBAC53242B3}.Ad-Hoc|iPhone.Deploy.0 = Release|Any CPU
		{CB01574F-63B2-421E-A80D-0FBAC53242B3}.Ad-Hoc|iPhoneSimulator.ActiveCfg = Release|Any CPU
		{CB01574F-63B2-421E-A80D-0FBAC53242B3}.Ad-Hoc|iPhoneSimulator.Build.0 = Release|Any CPU
		{CB01574F-63B2-421E-A80D-0FBAC53242B3}.Ad-Hoc|iPhoneSimulator.Deploy.0 = Release|Any CPU
		{CB01574F-63B2-421E-A80D-0FBAC53242B3}.Ad-Hoc|x64.ActiveCfg = Release|Any CPU
		{CB01574F-63B2-421E-A80D-0FBAC53242B3}.Ad-Hoc|x64.Build.0 = Release|Any CPU
		{CB01574F-63B2-421E-A80D-0FBAC53242B3}.Ad-Hoc|x64.Deploy.0 = Release|Any CPU
		{CB01574F-63B2-421E-A80D-0FBAC53242B3}.Ad-Hoc|x86.ActiveCfg = Release|x86
		{CB01574F-63B2-421E-A80D-0FBAC53242B3}.Ad-Hoc|x86.Build.0 = Release|x86
		{CB01574F-63B2-421E-A80D-0FBAC53242B3}.Ad-Hoc|x86.Deploy.0 = Release|x86
		{CB01574F-63B2-421E-A80D-0FBAC53242B3}.AppStore|Any CPU.ActiveCfg = Release|Any CPU
		{CB01574F-63B2-421E-A80D-0FBAC53242B3}.AppStore|Any CPU.Build.0 = Release|Any CPU
		{CB01574F-63B2-421E-A80D-0FBAC53242B3}.AppStore|Any CPU.Deploy.0 = Release|Any CPU
		{CB01574F-63B2-421E-A80D-0FBAC53242B3}.AppStore|ARM.ActiveCfg = Release|ARM
		{CB01574F-63B2-421E-A80D-0FBAC53242B3}.AppStore|ARM.Build.0 = Release|ARM
		{CB01574F-63B2-421E-A80D-0FBAC53242B3}.AppStore|ARM.Deploy.0 = Release|ARM
		{CB01574F-63B2-421E-A80D-0FBAC53242B3}.AppStore|iPhone.ActiveCfg = Release|Any CPU
		{CB01574F-63B2-421E-A80D-0FBAC53242B3}.AppStore|iPhone.Build.0 = Release|Any CPU
		{CB01574F-63B2-421E-A80D-0FBAC53242B3}.AppStore|iPhone.Deploy.0 = Release|Any CPU
		{CB01574F-63B2-421E-A80D-0FBAC53242B3}.AppStore|iPhoneSimulator.ActiveCfg = Release|Any CPU
		{CB01574F-63B2-421E-A80D-0FBAC53242B3}.AppStore|iPhoneSimulator.Build.0 = Release|Any CPU
		{CB01574F-63B2-421E-A80D-0FBAC53242B3}.AppStore|iPhoneSimulator.Deploy.0 = Release|Any CPU
		{CB01574F-63B2-421E-A80D-0FBAC53242B3}.AppStore|x64.ActiveCfg = Release|Any CPU
		{CB01574F-63B2-421E-A80D-0FBAC53242B3}.AppStore|x64.Build.0 = Release|Any CPU
		{CB01574F-63B2-421E-A80D-0FBAC53242B3}.AppStore|x64.Deploy.0 = Release|Any CPU
		{CB01574F-63B2-421E-A80D-0FBAC53242B3}.AppStore|x86.ActiveCfg = Release|x86
		{CB01574F-63B2-421E-A80D-0FBAC53242B3}.AppStore|x86.Build.0 = Release|x86
		{CB01574F-63B2-421E-A80D-0FBAC53242B3}.AppStore|x86.Deploy.0 = Release|x86
		{CB01574F-63B2-421E-A80D-0FBAC53242B3}.Debug|Any CPU.ActiveCfg = Debug|Any CPU
		{CB01574F-63B2-421E-A80D-0FBAC53242B3}.Debug|Any CPU.Build.0 = Debug|Any CPU
		{CB01574F-63B2-421E-A80D-0FBAC53242B3}.Debug|Any CPU.Deploy.0 = Debug|Any CPU
		{CB01574F-63B2-421E-A80D-0FBAC53242B3}.Debug|ARM.ActiveCfg = Debug|ARM
		{CB01574F-63B2-421E-A80D-0FBAC53242B3}.Debug|ARM.Build.0 = Debug|ARM
		{CB01574F-63B2-421E-A80D-0FBAC53242B3}.Debug|ARM.Deploy.0 = Debug|ARM
		{CB01574F-63B2-421E-A80D-0FBAC53242B3}.Debug|iPhone.ActiveCfg = Debug|Any CPU
		{CB01574F-63B2-421E-A80D-0FBAC53242B3}.Debug|iPhone.Build.0 = Debug|Any CPU
		{CB01574F-63B2-421E-A80D-0FBAC53242B3}.Debug|iPhone.Deploy.0 = Debug|Any CPU
		{CB01574F-63B2-421E-A80D-0FBAC53242B3}.Debug|iPhoneSimulator.ActiveCfg = Debug|Any CPU
		{CB01574F-63B2-421E-A80D-0FBAC53242B3}.Debug|iPhoneSimulator.Build.0 = Debug|Any CPU
		{CB01574F-63B2-421E-A80D-0FBAC53242B3}.Debug|iPhoneSimulator.Deploy.0 = Debug|Any CPU
		{CB01574F-63B2-421E-A80D-0FBAC53242B3}.Debug|x64.ActiveCfg = Debug|Any CPU
		{CB01574F-63B2-421E-A80D-0FBAC53242B3}.Debug|x64.Build.0 = Debug|Any CPU
		{CB01574F-63B2-421E-A80D-0FBAC53242B3}.Debug|x64.Deploy.0 = Debug|Any CPU
		{CB01574F-63B2-421E-A80D-0FBAC53242B3}.Debug|x86.ActiveCfg = Debug|x86
		{CB01574F-63B2-421E-A80D-0FBAC53242B3}.Debug|x86.Build.0 = Debug|x86
		{CB01574F-63B2-421E-A80D-0FBAC53242B3}.Debug|x86.Deploy.0 = Debug|x86
		{CB01574F-63B2-421E-A80D-0FBAC53242B3}.Release|Any CPU.ActiveCfg = Release|Any CPU
		{CB01574F-63B2-421E-A80D-0FBAC53242B3}.Release|Any CPU.Build.0 = Release|Any CPU
		{CB01574F-63B2-421E-A80D-0FBAC53242B3}.Release|Any CPU.Deploy.0 = Release|Any CPU
		{CB01574F-63B2-421E-A80D-0FBAC53242B3}.Release|ARM.ActiveCfg = Release|ARM
		{CB01574F-63B2-421E-A80D-0FBAC53242B3}.Release|ARM.Build.0 = Release|ARM
		{CB01574F-63B2-421E-A80D-0FBAC53242B3}.Release|ARM.Deploy.0 = Release|ARM
		{CB01574F-63B2-421E-A80D-0FBAC53242B3}.Release|iPhone.ActiveCfg = Release|Any CPU
		{CB01574F-63B2-421E-A80D-0FBAC53242B3}.Release|iPhone.Build.0 = Release|Any CPU
		{CB01574F-63B2-421E-A80D-0FBAC53242B3}.Release|iPhone.Deploy.0 = Release|Any CPU
		{CB01574F-63B2-421E-A80D-0FBAC53242B3}.Release|iPhoneSimulator.ActiveCfg = Release|Any CPU
		{CB01574F-63B2-421E-A80D-0FBAC53242B3}.Release|iPhoneSimulator.Build.0 = Release|Any CPU
		{CB01574F-63B2-421E-A80D-0FBAC53242B3}.Release|iPhoneSimulator.Deploy.0 = Release|Any CPU
		{CB01574F-63B2-421E-A80D-0FBAC53242B3}.Release|x64.ActiveCfg = Release|Any CPU
		{CB01574F-63B2-421E-A80D-0FBAC53242B3}.Release|x64.Build.0 = Release|Any CPU
		{CB01574F-63B2-421E-A80D-0FBAC53242B3}.Release|x64.Deploy.0 = Release|Any CPU
		{CB01574F-63B2-421E-A80D-0FBAC53242B3}.Release|x86.ActiveCfg = Release|x86
		{CB01574F-63B2-421E-A80D-0FBAC53242B3}.Release|x86.Build.0 = Release|x86
		{CB01574F-63B2-421E-A80D-0FBAC53242B3}.Release|x86.Deploy.0 = Release|x86
		{615E155E-BEDF-4C75-B4F3-7F9E4DB16D3B}.Ad-Hoc|Any CPU.ActiveCfg = Release|Any CPU
		{615E155E-BEDF-4C75-B4F3-7F9E4DB16D3B}.Ad-Hoc|Any CPU.Build.0 = Release|Any CPU
		{615E155E-BEDF-4C75-B4F3-7F9E4DB16D3B}.Ad-Hoc|Any CPU.Deploy.0 = Release|Any CPU
		{615E155E-BEDF-4C75-B4F3-7F9E4DB16D3B}.Ad-Hoc|ARM.ActiveCfg = Release|ARM
		{615E155E-BEDF-4C75-B4F3-7F9E4DB16D3B}.Ad-Hoc|ARM.Build.0 = Release|ARM
		{615E155E-BEDF-4C75-B4F3-7F9E4DB16D3B}.Ad-Hoc|ARM.Deploy.0 = Release|ARM
		{615E155E-BEDF-4C75-B4F3-7F9E4DB16D3B}.Ad-Hoc|iPhone.ActiveCfg = Release|Any CPU
		{615E155E-BEDF-4C75-B4F3-7F9E4DB16D3B}.Ad-Hoc|iPhone.Build.0 = Release|Any CPU
		{615E155E-BEDF-4C75-B4F3-7F9E4DB16D3B}.Ad-Hoc|iPhone.Deploy.0 = Release|Any CPU
		{615E155E-BEDF-4C75-B4F3-7F9E4DB16D3B}.Ad-Hoc|iPhoneSimulator.ActiveCfg = Release|Any CPU
		{615E155E-BEDF-4C75-B4F3-7F9E4DB16D3B}.Ad-Hoc|iPhoneSimulator.Build.0 = Release|Any CPU
		{615E155E-BEDF-4C75-B4F3-7F9E4DB16D3B}.Ad-Hoc|iPhoneSimulator.Deploy.0 = Release|Any CPU
		{615E155E-BEDF-4C75-B4F3-7F9E4DB16D3B}.Ad-Hoc|x64.ActiveCfg = Release|x64
		{615E155E-BEDF-4C75-B4F3-7F9E4DB16D3B}.Ad-Hoc|x64.Build.0 = Release|x64
		{615E155E-BEDF-4C75-B4F3-7F9E4DB16D3B}.Ad-Hoc|x64.Deploy.0 = Release|x64
		{615E155E-BEDF-4C75-B4F3-7F9E4DB16D3B}.Ad-Hoc|x86.ActiveCfg = Release|x86
		{615E155E-BEDF-4C75-B4F3-7F9E4DB16D3B}.Ad-Hoc|x86.Build.0 = Release|x86
		{615E155E-BEDF-4C75-B4F3-7F9E4DB16D3B}.Ad-Hoc|x86.Deploy.0 = Release|x86
		{615E155E-BEDF-4C75-B4F3-7F9E4DB16D3B}.AppStore|Any CPU.ActiveCfg = Release|Any CPU
		{615E155E-BEDF-4C75-B4F3-7F9E4DB16D3B}.AppStore|Any CPU.Build.0 = Release|Any CPU
		{615E155E-BEDF-4C75-B4F3-7F9E4DB16D3B}.AppStore|Any CPU.Deploy.0 = Release|Any CPU
		{615E155E-BEDF-4C75-B4F3-7F9E4DB16D3B}.AppStore|ARM.ActiveCfg = Release|ARM
		{615E155E-BEDF-4C75-B4F3-7F9E4DB16D3B}.AppStore|ARM.Build.0 = Release|ARM
		{615E155E-BEDF-4C75-B4F3-7F9E4DB16D3B}.AppStore|ARM.Deploy.0 = Release|ARM
		{615E155E-BEDF-4C75-B4F3-7F9E4DB16D3B}.AppStore|iPhone.ActiveCfg = Release|Any CPU
		{615E155E-BEDF-4C75-B4F3-7F9E4DB16D3B}.AppStore|iPhone.Build.0 = Release|Any CPU
		{615E155E-BEDF-4C75-B4F3-7F9E4DB16D3B}.AppStore|iPhone.Deploy.0 = Release|Any CPU
		{615E155E-BEDF-4C75-B4F3-7F9E4DB16D3B}.AppStore|iPhoneSimulator.ActiveCfg = Release|Any CPU
		{615E155E-BEDF-4C75-B4F3-7F9E4DB16D3B}.AppStore|iPhoneSimulator.Build.0 = Release|Any CPU
		{615E155E-BEDF-4C75-B4F3-7F9E4DB16D3B}.AppStore|iPhoneSimulator.Deploy.0 = Release|Any CPU
		{615E155E-BEDF-4C75-B4F3-7F9E4DB16D3B}.AppStore|x64.ActiveCfg = Release|x64
		{615E155E-BEDF-4C75-B4F3-7F9E4DB16D3B}.AppStore|x64.Build.0 = Release|x64
		{615E155E-BEDF-4C75-B4F3-7F9E4DB16D3B}.AppStore|x64.Deploy.0 = Release|x64
		{615E155E-BEDF-4C75-B4F3-7F9E4DB16D3B}.AppStore|x86.ActiveCfg = Release|x86
		{615E155E-BEDF-4C75-B4F3-7F9E4DB16D3B}.AppStore|x86.Build.0 = Release|x86
		{615E155E-BEDF-4C75-B4F3-7F9E4DB16D3B}.AppStore|x86.Deploy.0 = Release|x86
		{615E155E-BEDF-4C75-B4F3-7F9E4DB16D3B}.Debug|Any CPU.ActiveCfg = Debug|Any CPU
		{615E155E-BEDF-4C75-B4F3-7F9E4DB16D3B}.Debug|Any CPU.Build.0 = Debug|Any CPU
		{615E155E-BEDF-4C75-B4F3-7F9E4DB16D3B}.Debug|Any CPU.Deploy.0 = Debug|Any CPU
		{615E155E-BEDF-4C75-B4F3-7F9E4DB16D3B}.Debug|ARM.ActiveCfg = Debug|ARM
		{615E155E-BEDF-4C75-B4F3-7F9E4DB16D3B}.Debug|ARM.Build.0 = Debug|ARM
		{615E155E-BEDF-4C75-B4F3-7F9E4DB16D3B}.Debug|ARM.Deploy.0 = Debug|ARM
		{615E155E-BEDF-4C75-B4F3-7F9E4DB16D3B}.Debug|iPhone.ActiveCfg = Debug|Any CPU
		{615E155E-BEDF-4C75-B4F3-7F9E4DB16D3B}.Debug|iPhone.Build.0 = Debug|Any CPU
		{615E155E-BEDF-4C75-B4F3-7F9E4DB16D3B}.Debug|iPhone.Deploy.0 = Debug|Any CPU
		{615E155E-BEDF-4C75-B4F3-7F9E4DB16D3B}.Debug|iPhoneSimulator.ActiveCfg = Debug|Any CPU
		{615E155E-BEDF-4C75-B4F3-7F9E4DB16D3B}.Debug|iPhoneSimulator.Build.0 = Debug|Any CPU
		{615E155E-BEDF-4C75-B4F3-7F9E4DB16D3B}.Debug|iPhoneSimulator.Deploy.0 = Debug|Any CPU
		{615E155E-BEDF-4C75-B4F3-7F9E4DB16D3B}.Debug|x64.ActiveCfg = Debug|x64
		{615E155E-BEDF-4C75-B4F3-7F9E4DB16D3B}.Debug|x64.Build.0 = Debug|x64
		{615E155E-BEDF-4C75-B4F3-7F9E4DB16D3B}.Debug|x64.Deploy.0 = Debug|x64
		{615E155E-BEDF-4C75-B4F3-7F9E4DB16D3B}.Debug|x86.ActiveCfg = Debug|x86
		{615E155E-BEDF-4C75-B4F3-7F9E4DB16D3B}.Debug|x86.Build.0 = Debug|x86
		{615E155E-BEDF-4C75-B4F3-7F9E4DB16D3B}.Debug|x86.Deploy.0 = Debug|x86
		{615E155E-BEDF-4C75-B4F3-7F9E4DB16D3B}.Release|Any CPU.ActiveCfg = Release|Any CPU
		{615E155E-BEDF-4C75-B4F3-7F9E4DB16D3B}.Release|Any CPU.Build.0 = Release|Any CPU
		{615E155E-BEDF-4C75-B4F3-7F9E4DB16D3B}.Release|Any CPU.Deploy.0 = Release|Any CPU
		{615E155E-BEDF-4C75-B4F3-7F9E4DB16D3B}.Release|ARM.ActiveCfg = Release|ARM
		{615E155E-BEDF-4C75-B4F3-7F9E4DB16D3B}.Release|ARM.Build.0 = Release|ARM
		{615E155E-BEDF-4C75-B4F3-7F9E4DB16D3B}.Release|ARM.Deploy.0 = Release|ARM
		{615E155E-BEDF-4C75-B4F3-7F9E4DB16D3B}.Release|iPhone.ActiveCfg = Release|Any CPU
		{615E155E-BEDF-4C75-B4F3-7F9E4DB16D3B}.Release|iPhone.Build.0 = Release|Any CPU
		{615E155E-BEDF-4C75-B4F3-7F9E4DB16D3B}.Release|iPhone.Deploy.0 = Release|Any CPU
		{615E155E-BEDF-4C75-B4F3-7F9E4DB16D3B}.Release|iPhoneSimulator.ActiveCfg = Release|Any CPU
		{615E155E-BEDF-4C75-B4F3-7F9E4DB16D3B}.Release|iPhoneSimulator.Build.0 = Release|Any CPU
		{615E155E-BEDF-4C75-B4F3-7F9E4DB16D3B}.Release|iPhoneSimulator.Deploy.0 = Release|Any CPU
		{615E155E-BEDF-4C75-B4F3-7F9E4DB16D3B}.Release|x64.ActiveCfg = Release|x64
		{615E155E-BEDF-4C75-B4F3-7F9E4DB16D3B}.Release|x64.Build.0 = Release|x64
		{615E155E-BEDF-4C75-B4F3-7F9E4DB16D3B}.Release|x64.Deploy.0 = Release|x64
		{615E155E-BEDF-4C75-B4F3-7F9E4DB16D3B}.Release|x86.ActiveCfg = Release|x86
		{615E155E-BEDF-4C75-B4F3-7F9E4DB16D3B}.Release|x86.Build.0 = Release|x86
		{615E155E-BEDF-4C75-B4F3-7F9E4DB16D3B}.Release|x86.Deploy.0 = Release|x86
		{0A33A14F-2A6B-43D2-861A-E41C609EE5C4}.Ad-Hoc|Any CPU.ActiveCfg = Release|Any CPU
		{0A33A14F-2A6B-43D2-861A-E41C609EE5C4}.Ad-Hoc|Any CPU.Build.0 = Release|Any CPU
		{0A33A14F-2A6B-43D2-861A-E41C609EE5C4}.Ad-Hoc|ARM.ActiveCfg = Release|Any CPU
		{0A33A14F-2A6B-43D2-861A-E41C609EE5C4}.Ad-Hoc|ARM.Build.0 = Release|Any CPU
		{0A33A14F-2A6B-43D2-861A-E41C609EE5C4}.Ad-Hoc|iPhone.ActiveCfg = Release|Any CPU
		{0A33A14F-2A6B-43D2-861A-E41C609EE5C4}.Ad-Hoc|iPhone.Build.0 = Release|Any CPU
		{0A33A14F-2A6B-43D2-861A-E41C609EE5C4}.Ad-Hoc|iPhoneSimulator.ActiveCfg = Release|Any CPU
		{0A33A14F-2A6B-43D2-861A-E41C609EE5C4}.Ad-Hoc|iPhoneSimulator.Build.0 = Release|Any CPU
		{0A33A14F-2A6B-43D2-861A-E41C609EE5C4}.Ad-Hoc|x64.ActiveCfg = Release|Any CPU
		{0A33A14F-2A6B-43D2-861A-E41C609EE5C4}.Ad-Hoc|x64.Build.0 = Release|Any CPU
		{0A33A14F-2A6B-43D2-861A-E41C609EE5C4}.Ad-Hoc|x86.ActiveCfg = Release|Any CPU
		{0A33A14F-2A6B-43D2-861A-E41C609EE5C4}.Ad-Hoc|x86.Build.0 = Release|Any CPU
		{0A33A14F-2A6B-43D2-861A-E41C609EE5C4}.AppStore|Any CPU.ActiveCfg = Release|Any CPU
		{0A33A14F-2A6B-43D2-861A-E41C609EE5C4}.AppStore|Any CPU.Build.0 = Release|Any CPU
		{0A33A14F-2A6B-43D2-861A-E41C609EE5C4}.AppStore|ARM.ActiveCfg = Release|Any CPU
		{0A33A14F-2A6B-43D2-861A-E41C609EE5C4}.AppStore|ARM.Build.0 = Release|Any CPU
		{0A33A14F-2A6B-43D2-861A-E41C609EE5C4}.AppStore|iPhone.ActiveCfg = Release|Any CPU
		{0A33A14F-2A6B-43D2-861A-E41C609EE5C4}.AppStore|iPhone.Build.0 = Release|Any CPU
		{0A33A14F-2A6B-43D2-861A-E41C609EE5C4}.AppStore|iPhoneSimulator.ActiveCfg = Release|Any CPU
		{0A33A14F-2A6B-43D2-861A-E41C609EE5C4}.AppStore|iPhoneSimulator.Build.0 = Release|Any CPU
		{0A33A14F-2A6B-43D2-861A-E41C609EE5C4}.AppStore|x64.ActiveCfg = Release|Any CPU
		{0A33A14F-2A6B-43D2-861A-E41C609EE5C4}.AppStore|x64.Build.0 = Release|Any CPU
		{0A33A14F-2A6B-43D2-861A-E41C609EE5C4}.AppStore|x86.ActiveCfg = Release|Any CPU
		{0A33A14F-2A6B-43D2-861A-E41C609EE5C4}.AppStore|x86.Build.0 = Release|Any CPU
		{0A33A14F-2A6B-43D2-861A-E41C609EE5C4}.Debug|Any CPU.ActiveCfg = Debug|Any CPU
		{0A33A14F-2A6B-43D2-861A-E41C609EE5C4}.Debug|Any CPU.Build.0 = Debug|Any CPU
		{0A33A14F-2A6B-43D2-861A-E41C609EE5C4}.Debug|ARM.ActiveCfg = Debug|Any CPU
		{0A33A14F-2A6B-43D2-861A-E41C609EE5C4}.Debug|ARM.Build.0 = Debug|Any CPU
		{0A33A14F-2A6B-43D2-861A-E41C609EE5C4}.Debug|iPhone.ActiveCfg = Debug|Any CPU
		{0A33A14F-2A6B-43D2-861A-E41C609EE5C4}.Debug|iPhone.Build.0 = Debug|Any CPU
		{0A33A14F-2A6B-43D2-861A-E41C609EE5C4}.Debug|iPhoneSimulator.ActiveCfg = Debug|Any CPU
		{0A33A14F-2A6B-43D2-861A-E41C609EE5C4}.Debug|iPhoneSimulator.Build.0 = Debug|Any CPU
		{0A33A14F-2A6B-43D2-861A-E41C609EE5C4}.Debug|x64.ActiveCfg = Debug|Any CPU
		{0A33A14F-2A6B-43D2-861A-E41C609EE5C4}.Debug|x64.Build.0 = Debug|Any CPU
		{0A33A14F-2A6B-43D2-861A-E41C609EE5C4}.Debug|x86.ActiveCfg = Debug|Any CPU
		{0A33A14F-2A6B-43D2-861A-E41C609EE5C4}.Debug|x86.Build.0 = Debug|Any CPU
		{0A33A14F-2A6B-43D2-861A-E41C609EE5C4}.Release|Any CPU.ActiveCfg = Release|Any CPU
		{0A33A14F-2A6B-43D2-861A-E41C609EE5C4}.Release|Any CPU.Build.0 = Release|Any CPU
		{0A33A14F-2A6B-43D2-861A-E41C609EE5C4}.Release|ARM.ActiveCfg = Release|Any CPU
		{0A33A14F-2A6B-43D2-861A-E41C609EE5C4}.Release|ARM.Build.0 = Release|Any CPU
		{0A33A14F-2A6B-43D2-861A-E41C609EE5C4}.Release|iPhone.ActiveCfg = Release|Any CPU
		{0A33A14F-2A6B-43D2-861A-E41C609EE5C4}.Release|iPhone.Build.0 = Release|Any CPU
		{0A33A14F-2A6B-43D2-861A-E41C609EE5C4}.Release|iPhoneSimulator.ActiveCfg = Release|Any CPU
		{0A33A14F-2A6B-43D2-861A-E41C609EE5C4}.Release|iPhoneSimulator.Build.0 = Release|Any CPU
		{0A33A14F-2A6B-43D2-861A-E41C609EE5C4}.Release|x64.ActiveCfg = Release|Any CPU
		{0A33A14F-2A6B-43D2-861A-E41C609EE5C4}.Release|x64.Build.0 = Release|Any CPU
		{0A33A14F-2A6B-43D2-861A-E41C609EE5C4}.Release|x86.ActiveCfg = Release|Any CPU
		{0A33A14F-2A6B-43D2-861A-E41C609EE5C4}.Release|x86.Build.0 = Release|Any CPU
	EndGlobalSection
	GlobalSection(SolutionProperties) = preSolution
		HideSolutionNode = FALSE
	EndGlobalSection
EndGlobal
