
Microsoft Visual Studio Solution File, Format Version 12.00
# Visual Studio 14
VisualStudioVersion = 14.0.25420.1
MinimumVisualStudioVersion = 10.0.40219.1
Project("{FAE04EC0-301F-11D3-BF4B-00C04F79EFBC}") = "App2.Droid", "App2\App2.Droid\App2.Droid.csproj", "{25D47017-817E-44C5-BFA5-CCFAC0BE6114}"
EndProject
Project("{FAE04EC0-301F-11D3-BF4B-00C04F79EFBC}") = "App2.iOS", "App2\App2.iOS\App2.iOS.csproj", "{136A0646-AA8D-4A3A-ADB9-E031CEB5E8DB}"
EndProject
Project("{FAE04EC0-301F-11D3-BF4B-00C04F79EFBC}") = "App2.WinPhone", "App2\App2.WinPhone\App2.WinPhone.csproj", "{30E7A80D-192E-41D5-834C-C8836B2AC86B}"
EndProject
Project("{FAE04EC0-301F-11D3-BF4B-00C04F79EFBC}") = "App2.Windows", "App2\App2.Windows\App2.Windows.csproj", "{BFA82C7B-C151-4863-956F-090BC4504FF4}"
EndProject
Project("{FAE04EC0-301F-11D3-BF4B-00C04F79EFBC}") = "App2", "App2\App2\App2.csproj", "{8ABC1C3E-69FB-44D5-899B-A6756FDB9976}"
EndProject
Global
	GlobalSection(SolutionConfigurationPlatforms) = preSolution
		Ad-Hoc|Any CPU = Ad-Hoc|Any CPU
		Ad-Hoc|ARM = Ad-Hoc|ARM
		Ad-Hoc|iPhone = Ad-Hoc|iPhone
		Ad-Hoc|iPhoneSimulator = Ad-Hoc|iPhoneSimulator
		Ad-Hoc|x64 = Ad-Hoc|x64
		Ad-Hoc|x86 = Ad-Hoc|x86
		AppStore|Any CPU = AppStore|Any CPU
		AppStore|ARM = AppStore|ARM
		AppStore|iPhone = AppStore|iPhone
		AppStore|iPhoneSimulator = AppStore|iPhoneSimulator
		AppStore|x64 = AppStore|x64
		AppStore|x86 = AppStore|x86
		Debug|Any CPU = Debug|Any CPU
		Debug|ARM = Debug|ARM
		Debug|iPhone = Debug|iPhone
		Debug|iPhoneSimulator = Debug|iPhoneSimulator
		Debug|x64 = Debug|x64
		Debug|x86 = Debug|x86
		Release|Any CPU = Release|Any CPU
		Release|ARM = Release|ARM
		Release|iPhone = Release|iPhone
		Release|iPhoneSimulator = Release|iPhoneSimulator
		Release|x64 = Release|x64
		Release|x86 = Release|x86
	EndGlobalSection
	GlobalSection(ProjectConfigurationPlatforms) = postSolution
		{25D47017-817E-44C5-BFA5-CCFAC0BE6114}.Ad-Hoc|Any CPU.ActiveCfg = Release|Any CPU
		{25D47017-817E-44C5-BFA5-CCFAC0BE6114}.Ad-Hoc|Any CPU.Build.0 = Release|Any CPU
		{25D47017-817E-44C5-BFA5-CCFAC0BE6114}.Ad-Hoc|Any CPU.Deploy.0 = Release|Any CPU
		{25D47017-817E-44C5-BFA5-CCFAC0BE6114}.Ad-Hoc|ARM.ActiveCfg = Release|Any CPU
		{25D47017-817E-44C5-BFA5-CCFAC0BE6114}.Ad-Hoc|ARM.Build.0 = Release|Any CPU
		{25D47017-817E-44C5-BFA5-CCFAC0BE6114}.Ad-Hoc|ARM.Deploy.0 = Release|Any CPU
		{25D47017-817E-44C5-BFA5-CCFAC0BE6114}.Ad-Hoc|iPhone.ActiveCfg = Release|Any CPU
		{25D47017-817E-44C5-BFA5-CCFAC0BE6114}.Ad-Hoc|iPhone.Build.0 = Release|Any CPU
		{25D47017-817E-44C5-BFA5-CCFAC0BE6114}.Ad-Hoc|iPhone.Deploy.0 = Release|Any CPU
		{25D47017-817E-44C5-BFA5-CCFAC0BE6114}.Ad-Hoc|iPhoneSimulator.ActiveCfg = Release|Any CPU
		{25D47017-817E-44C5-BFA5-CCFAC0BE6114}.Ad-Hoc|iPhoneSimulator.Build.0 = Release|Any CPU
		{25D47017-817E-44C5-BFA5-CCFAC0BE6114}.Ad-Hoc|iPhoneSimulator.Deploy.0 = Release|Any CPU
		{25D47017-817E-44C5-BFA5-CCFAC0BE6114}.Ad-Hoc|x64.ActiveCfg = Release|Any CPU
		{25D47017-817E-44C5-BFA5-CCFAC0BE6114}.Ad-Hoc|x64.Build.0 = Release|Any CPU
		{25D47017-817E-44C5-BFA5-CCFAC0BE6114}.Ad-Hoc|x64.Deploy.0 = Release|Any CPU
		{25D47017-817E-44C5-BFA5-CCFAC0BE6114}.Ad-Hoc|x86.ActiveCfg = Release|Any CPU
		{25D47017-817E-44C5-BFA5-CCFAC0BE6114}.Ad-Hoc|x86.Build.0 = Release|Any CPU
		{25D47017-817E-44C5-BFA5-CCFAC0BE6114}.Ad-Hoc|x86.Deploy.0 = Release|Any CPU
		{25D47017-817E-44C5-BFA5-CCFAC0BE6114}.AppStore|Any CPU.ActiveCfg = Release|Any CPU
		{25D47017-817E-44C5-BFA5-CCFAC0BE6114}.AppStore|Any CPU.Build.0 = Release|Any CPU
		{25D47017-817E-44C5-BFA5-CCFAC0BE6114}.AppStore|Any CPU.Deploy.0 = Release|Any CPU
		{25D47017-817E-44C5-BFA5-CCFAC0BE6114}.AppStore|ARM.ActiveCfg = Release|Any CPU
		{25D47017-817E-44C5-BFA5-CCFAC0BE6114}.AppStore|ARM.Build.0 = Release|Any CPU
		{25D47017-817E-44C5-BFA5-CCFAC0BE6114}.AppStore|ARM.Deploy.0 = Release|Any CPU
		{25D47017-817E-44C5-BFA5-CCFAC0BE6114}.AppStore|iPhone.ActiveCfg = Release|Any CPU
		{25D47017-817E-44C5-BFA5-CCFAC0BE6114}.AppStore|iPhone.Build.0 = Release|Any CPU
		{25D47017-817E-44C5-BFA5-CCFAC0BE6114}.AppStore|iPhone.Deploy.0 = Release|Any CPU
		{25D47017-817E-44C5-BFA5-CCFAC0BE6114}.AppStore|iPhoneSimulator.ActiveCfg = Release|Any CPU
		{25D47017-817E-44C5-BFA5-CCFAC0BE6114}.AppStore|iPhoneSimulator.Build.0 = Release|Any CPU
		{25D47017-817E-44C5-BFA5-CCFAC0BE6114}.AppStore|iPhoneSimulator.Deploy.0 = Release|Any CPU
		{25D47017-817E-44C5-BFA5-CCFAC0BE6114}.AppStore|x64.ActiveCfg = Release|Any CPU
		{25D47017-817E-44C5-BFA5-CCFAC0BE6114}.AppStore|x64.Build.0 = Release|Any CPU
		{25D47017-817E-44C5-BFA5-CCFAC0BE6114}.AppStore|x64.Deploy.0 = Release|Any CPU
		{25D47017-817E-44C5-BFA5-CCFAC0BE6114}.AppStore|x86.ActiveCfg = Release|Any CPU
		{25D47017-817E-44C5-BFA5-CCFAC0BE6114}.AppStore|x86.Build.0 = Release|Any CPU
		{25D47017-817E-44C5-BFA5-CCFAC0BE6114}.AppStore|x86.Deploy.0 = Release|Any CPU
		{25D47017-817E-44C5-BFA5-CCFAC0BE6114}.Debug|Any CPU.ActiveCfg = Debug|Any CPU
		{25D47017-817E-44C5-BFA5-CCFAC0BE6114}.Debug|Any CPU.Build.0 = Debug|Any CPU
		{25D47017-817E-44C5-BFA5-CCFAC0BE6114}.Debug|Any CPU.Deploy.0 = Debug|Any CPU
		{25D47017-817E-44C5-BFA5-CCFAC0BE6114}.Debug|ARM.ActiveCfg = Debug|Any CPU
		{25D47017-817E-44C5-BFA5-CCFAC0BE6114}.Debug|ARM.Build.0 = Debug|Any CPU
		{25D47017-817E-44C5-BFA5-CCFAC0BE6114}.Debug|ARM.Deploy.0 = Debug|Any CPU
		{25D47017-817E-44C5-BFA5-CCFAC0BE6114}.Debug|iPhone.ActiveCfg = Debug|Any CPU
		{25D47017-817E-44C5-BFA5-CCFAC0BE6114}.Debug|iPhone.Build.0 = Debug|Any CPU
		{25D47017-817E-44C5-BFA5-CCFAC0BE6114}.Debug|iPhone.Deploy.0 = Debug|Any CPU
		{25D47017-817E-44C5-BFA5-CCFAC0BE6114}.Debug|iPhoneSimulator.ActiveCfg = Debug|Any CPU
		{25D47017-817E-44C5-BFA5-CCFAC0BE6114}.Debug|iPhoneSimulator.Build.0 = Debug|Any CPU
		{25D47017-817E-44C5-BFA5-CCFAC0BE6114}.Debug|iPhoneSimulator.Deploy.0 = Debug|Any CPU
		{25D47017-817E-44C5-BFA5-CCFAC0BE6114}.Debug|x64.ActiveCfg = Debug|Any CPU
		{25D47017-817E-44C5-BFA5-CCFAC0BE6114}.Debug|x64.Build.0 = Debug|Any CPU
		{25D47017-817E-44C5-BFA5-CCFAC0BE6114}.Debug|x64.Deploy.0 = Debug|Any CPU
		{25D47017-817E-44C5-BFA5-CCFAC0BE6114}.Debug|x86.ActiveCfg = Debug|Any CPU
		{25D47017-817E-44C5-BFA5-CCFAC0BE6114}.Debug|x86.Build.0 = Debug|Any CPU
		{25D47017-817E-44C5-BFA5-CCFAC0BE6114}.Debug|x86.Deploy.0 = Debug|Any CPU
		{25D47017-817E-44C5-BFA5-CCFAC0BE6114}.Release|Any CPU.ActiveCfg = Release|Any CPU
		{25D47017-817E-44C5-BFA5-CCFAC0BE6114}.Release|Any CPU.Build.0 = Release|Any CPU
		{25D47017-817E-44C5-BFA5-CCFAC0BE6114}.Release|Any CPU.Deploy.0 = Release|Any CPU
		{25D47017-817E-44C5-BFA5-CCFAC0BE6114}.Release|ARM.ActiveCfg = Release|Any CPU
		{25D47017-817E-44C5-BFA5-CCFAC0BE6114}.Release|ARM.Build.0 = Release|Any CPU
		{25D47017-817E-44C5-BFA5-CCFAC0BE6114}.Release|ARM.Deploy.0 = Release|Any CPU
		{25D47017-817E-44C5-BFA5-CCFAC0BE6114}.Release|iPhone.ActiveCfg = Release|Any CPU
		{25D47017-817E-44C5-BFA5-CCFAC0BE6114}.Release|iPhone.Build.0 = Release|Any CPU
		{25D47017-817E-44C5-BFA5-CCFAC0BE6114}.Release|iPhone.Deploy.0 = Release|Any CPU
		{25D47017-817E-44C5-BFA5-CCFAC0BE6114}.Release|iPhoneSimulator.ActiveCfg = Release|Any CPU
		{25D47017-817E-44C5-BFA5-CCFAC0BE6114}.Release|iPhoneSimulator.Build.0 = Release|Any CPU
		{25D47017-817E-44C5-BFA5-CCFAC0BE6114}.Release|iPhoneSimulator.Deploy.0 = Release|Any CPU
		{25D47017-817E-44C5-BFA5-CCFAC0BE6114}.Release|x64.ActiveCfg = Release|Any CPU
		{25D47017-817E-44C5-BFA5-CCFAC0BE6114}.Release|x64.Build.0 = Release|Any CPU
		{25D47017-817E-44C5-BFA5-CCFAC0BE6114}.Release|x64.Deploy.0 = Release|Any CPU
		{25D47017-817E-44C5-BFA5-CCFAC0BE6114}.Release|x86.ActiveCfg = Release|Any CPU
		{25D47017-817E-44C5-BFA5-CCFAC0BE6114}.Release|x86.Build.0 = Release|Any CPU
		{25D47017-817E-44C5-BFA5-CCFAC0BE6114}.Release|x86.Deploy.0 = Release|Any CPU
		{136A0646-AA8D-4A3A-ADB9-E031CEB5E8DB}.Ad-Hoc|Any CPU.ActiveCfg = Ad-Hoc|iPhone
		{136A0646-AA8D-4A3A-ADB9-E031CEB5E8DB}.Ad-Hoc|ARM.ActiveCfg = Ad-Hoc|iPhone
		{136A0646-AA8D-4A3A-ADB9-E031CEB5E8DB}.Ad-Hoc|iPhone.ActiveCfg = Ad-Hoc|iPhone
		{136A0646-AA8D-4A3A-ADB9-E031CEB5E8DB}.Ad-Hoc|iPhone.Build.0 = Ad-Hoc|iPhone
		{136A0646-AA8D-4A3A-ADB9-E031CEB5E8DB}.Ad-Hoc|iPhoneSimulator.ActiveCfg = Ad-Hoc|iPhoneSimulator
		{136A0646-AA8D-4A3A-ADB9-E031CEB5E8DB}.Ad-Hoc|iPhoneSimulator.Build.0 = Ad-Hoc|iPhoneSimulator
		{136A0646-AA8D-4A3A-ADB9-E031CEB5E8DB}.Ad-Hoc|x64.ActiveCfg = Ad-Hoc|iPhone
		{136A0646-AA8D-4A3A-ADB9-E031CEB5E8DB}.Ad-Hoc|x86.ActiveCfg = Ad-Hoc|iPhone
		{136A0646-AA8D-4A3A-ADB9-E031CEB5E8DB}.AppStore|Any CPU.ActiveCfg = AppStore|iPhone
		{136A0646-AA8D-4A3A-ADB9-E031CEB5E8DB}.AppStore|ARM.ActiveCfg = AppStore|iPhone
		{136A0646-AA8D-4A3A-ADB9-E031CEB5E8DB}.AppStore|iPhone.ActiveCfg = AppStore|iPhone
		{136A0646-AA8D-4A3A-ADB9-E031CEB5E8DB}.AppStore|iPhone.Build.0 = AppStore|iPhone
		{136A0646-AA8D-4A3A-ADB9-E031CEB5E8DB}.AppStore|iPhoneSimulator.ActiveCfg = AppStore|iPhoneSimulator
		{136A0646-AA8D-4A3A-ADB9-E031CEB5E8DB}.AppStore|iPhoneSimulator.Build.0 = AppStore|iPhoneSimulator
		{136A0646-AA8D-4A3A-ADB9-E031CEB5E8DB}.AppStore|x64.ActiveCfg = AppStore|iPhone
		{136A0646-AA8D-4A3A-ADB9-E031CEB5E8DB}.AppStore|x86.ActiveCfg = AppStore|iPhone
		{136A0646-AA8D-4A3A-ADB9-E031CEB5E8DB}.Debug|Any CPU.ActiveCfg = Debug|iPhone
		{136A0646-AA8D-4A3A-ADB9-E031CEB5E8DB}.Debug|ARM.ActiveCfg = Debug|iPhone
		{136A0646-AA8D-4A3A-ADB9-E031CEB5E8DB}.Debug|iPhone.ActiveCfg = Debug|iPhone
		{136A0646-AA8D-4A3A-ADB9-E031CEB5E8DB}.Debug|iPhone.Build.0 = Debug|iPhone
		{136A0646-AA8D-4A3A-ADB9-E031CEB5E8DB}.Debug|iPhoneSimulator.ActiveCfg = Debug|iPhoneSimulator
		{136A0646-AA8D-4A3A-ADB9-E031CEB5E8DB}.Debug|iPhoneSimulator.Build.0 = Debug|iPhoneSimulator
		{136A0646-AA8D-4A3A-ADB9-E031CEB5E8DB}.Debug|x64.ActiveCfg = Debug|iPhone
		{136A0646-AA8D-4A3A-ADB9-E031CEB5E8DB}.Debug|x86.ActiveCfg = Debug|iPhone
		{136A0646-AA8D-4A3A-ADB9-E031CEB5E8DB}.Release|Any CPU.ActiveCfg = Release|iPhone
		{136A0646-AA8D-4A3A-ADB9-E031CEB5E8DB}.Release|ARM.ActiveCfg = Release|iPhone
		{136A0646-AA8D-4A3A-ADB9-E031CEB5E8DB}.Release|iPhone.ActiveCfg = Release|iPhone
		{136A0646-AA8D-4A3A-ADB9-E031CEB5E8DB}.Release|iPhone.Build.0 = Release|iPhone
		{136A0646-AA8D-4A3A-ADB9-E031CEB5E8DB}.Release|iPhoneSimulator.ActiveCfg = Release|iPhoneSimulator
		{136A0646-AA8D-4A3A-ADB9-E031CEB5E8DB}.Release|iPhoneSimulator.Build.0 = Release|iPhoneSimulator
		{136A0646-AA8D-4A3A-ADB9-E031CEB5E8DB}.Release|x64.ActiveCfg = Release|iPhone
		{136A0646-AA8D-4A3A-ADB9-E031CEB5E8DB}.Release|x86.ActiveCfg = Release|iPhone
		{30E7A80D-192E-41D5-834C-C8836B2AC86B}.Ad-Hoc|Any CPU.ActiveCfg = Release|Any CPU
		{30E7A80D-192E-41D5-834C-C8836B2AC86B}.Ad-Hoc|Any CPU.Build.0 = Release|Any CPU
		{30E7A80D-192E-41D5-834C-C8836B2AC86B}.Ad-Hoc|Any CPU.Deploy.0 = Release|Any CPU
		{30E7A80D-192E-41D5-834C-C8836B2AC86B}.Ad-Hoc|ARM.ActiveCfg = Release|ARM
		{30E7A80D-192E-41D5-834C-C8836B2AC86B}.Ad-Hoc|ARM.Build.0 = Release|ARM
		{30E7A80D-192E-41D5-834C-C8836B2AC86B}.Ad-Hoc|ARM.Deploy.0 = Release|ARM
		{30E7A80D-192E-41D5-834C-C8836B2AC86B}.Ad-Hoc|iPhone.ActiveCfg = Release|Any CPU
		{30E7A80D-192E-41D5-834C-C8836B2AC86B}.Ad-Hoc|iPhone.Build.0 = Release|Any CPU
		{30E7A80D-192E-41D5-834C-C8836B2AC86B}.Ad-Hoc|iPhone.Deploy.0 = Release|Any CPU
		{30E7A80D-192E-41D5-834C-C8836B2AC86B}.Ad-Hoc|iPhoneSimulator.ActiveCfg = Release|Any CPU
		{30E7A80D-192E-41D5-834C-C8836B2AC86B}.Ad-Hoc|iPhoneSimulator.Build.0 = Release|Any CPU
		{30E7A80D-192E-41D5-834C-C8836B2AC86B}.Ad-Hoc|iPhoneSimulator.Deploy.0 = Release|Any CPU
		{30E7A80D-192E-41D5-834C-C8836B2AC86B}.Ad-Hoc|x64.ActiveCfg = Release|Any CPU
		{30E7A80D-192E-41D5-834C-C8836B2AC86B}.Ad-Hoc|x64.Build.0 = Release|Any CPU
		{30E7A80D-192E-41D5-834C-C8836B2AC86B}.Ad-Hoc|x64.Deploy.0 = Release|Any CPU
		{30E7A80D-192E-41D5-834C-C8836B2AC86B}.Ad-Hoc|x86.ActiveCfg = Release|x86
		{30E7A80D-192E-41D5-834C-C8836B2AC86B}.Ad-Hoc|x86.Build.0 = Release|x86
		{30E7A80D-192E-41D5-834C-C8836B2AC86B}.Ad-Hoc|x86.Deploy.0 = Release|x86
		{30E7A80D-192E-41D5-834C-C8836B2AC86B}.AppStore|Any CPU.ActiveCfg = Release|Any CPU
		{30E7A80D-192E-41D5-834C-C8836B2AC86B}.AppStore|Any CPU.Build.0 = Release|Any CPU
		{30E7A80D-192E-41D5-834C-C8836B2AC86B}.AppStore|Any CPU.Deploy.0 = Release|Any CPU
		{30E7A80D-192E-41D5-834C-C8836B2AC86B}.AppStore|ARM.ActiveCfg = Release|ARM
		{30E7A80D-192E-41D5-834C-C8836B2AC86B}.AppStore|ARM.Build.0 = Release|ARM
		{30E7A80D-192E-41D5-834C-C8836B2AC86B}.AppStore|ARM.Deploy.0 = Release|ARM
		{30E7A80D-192E-41D5-834C-C8836B2AC86B}.AppStore|iPhone.ActiveCfg = Release|Any CPU
		{30E7A80D-192E-41D5-834C-C8836B2AC86B}.AppStore|iPhone.Build.0 = Release|Any CPU
		{30E7A80D-192E-41D5-834C-C8836B2AC86B}.AppStore|iPhone.Deploy.0 = Release|Any CPU
		{30E7A80D-192E-41D5-834C-C8836B2AC86B}.AppStore|iPhoneSimulator.ActiveCfg = Release|Any CPU
		{30E7A80D-192E-41D5-834C-C8836B2AC86B}.AppStore|iPhoneSimulator.Build.0 = Release|Any CPU
		{30E7A80D-192E-41D5-834C-C8836B2AC86B}.AppStore|iPhoneSimulator.Deploy.0 = Release|Any CPU
		{30E7A80D-192E-41D5-834C-C8836B2AC86B}.AppStore|x64.ActiveCfg = Release|Any CPU
		{30E7A80D-192E-41D5-834C-C8836B2AC86B}.AppStore|x64.Build.0 = Release|Any CPU
		{30E7A80D-192E-41D5-834C-C8836B2AC86B}.AppStore|x64.Deploy.0 = Release|Any CPU
		{30E7A80D-192E-41D5-834C-C8836B2AC86B}.AppStore|x86.ActiveCfg = Release|x86
		{30E7A80D-192E-41D5-834C-C8836B2AC86B}.AppStore|x86.Build.0 = Release|x86
		{30E7A80D-192E-41D5-834C-C8836B2AC86B}.AppStore|x86.Deploy.0 = Release|x86
		{30E7A80D-192E-41D5-834C-C8836B2AC86B}.Debug|Any CPU.ActiveCfg = Debug|Any CPU
		{30E7A80D-192E-41D5-834C-C8836B2AC86B}.Debug|Any CPU.Build.0 = Debug|Any CPU
		{30E7A80D-192E-41D5-834C-C8836B2AC86B}.Debug|Any CPU.Deploy.0 = Debug|Any CPU
		{30E7A80D-192E-41D5-834C-C8836B2AC86B}.Debug|ARM.ActiveCfg = Debug|ARM
		{30E7A80D-192E-41D5-834C-C8836B2AC86B}.Debug|ARM.Build.0 = Debug|ARM
		{30E7A80D-192E-41D5-834C-C8836B2AC86B}.Debug|ARM.Deploy.0 = Debug|ARM
		{30E7A80D-192E-41D5-834C-C8836B2AC86B}.Debug|iPhone.ActiveCfg = Debug|Any CPU
		{30E7A80D-192E-41D5-834C-C8836B2AC86B}.Debug|iPhone.Build.0 = Debug|Any CPU
		{30E7A80D-192E-41D5-834C-C8836B2AC86B}.Debug|iPhone.Deploy.0 = Debug|Any CPU
		{30E7A80D-192E-41D5-834C-C8836B2AC86B}.Debug|iPhoneSimulator.ActiveCfg = Debug|Any CPU
		{30E7A80D-192E-41D5-834C-C8836B2AC86B}.Debug|iPhoneSimulator.Build.0 = Debug|Any CPU
		{30E7A80D-192E-41D5-834C-C8836B2AC86B}.Debug|iPhoneSimulator.Deploy.0 = Debug|Any CPU
		{30E7A80D-192E-41D5-834C-C8836B2AC86B}.Debug|x64.ActiveCfg = Debug|Any CPU
		{30E7A80D-192E-41D5-834C-C8836B2AC86B}.Debug|x64.Build.0 = Debug|Any CPU
		{30E7A80D-192E-41D5-834C-C8836B2AC86B}.Debug|x64.Deploy.0 = Debug|Any CPU
		{30E7A80D-192E-41D5-834C-C8836B2AC86B}.Debug|x86.ActiveCfg = Debug|x86
		{30E7A80D-192E-41D5-834C-C8836B2AC86B}.Debug|x86.Build.0 = Debug|x86
		{30E7A80D-192E-41D5-834C-C8836B2AC86B}.Debug|x86.Deploy.0 = Debug|x86
		{30E7A80D-192E-41D5-834C-C8836B2AC86B}.Release|Any CPU.ActiveCfg = Release|Any CPU
		{30E7A80D-192E-41D5-834C-C8836B2AC86B}.Release|Any CPU.Build.0 = Release|Any CPU
		{30E7A80D-192E-41D5-834C-C8836B2AC86B}.Release|Any CPU.Deploy.0 = Release|Any CPU
		{30E7A80D-192E-41D5-834C-C8836B2AC86B}.Release|ARM.ActiveCfg = Release|ARM
		{30E7A80D-192E-41D5-834C-C8836B2AC86B}.Release|ARM.Build.0 = Release|ARM
		{30E7A80D-192E-41D5-834C-C8836B2AC86B}.Release|ARM.Deploy.0 = Release|ARM
		{30E7A80D-192E-41D5-834C-C8836B2AC86B}.Release|iPhone.ActiveCfg = Release|Any CPU
		{30E7A80D-192E-41D5-834C-C8836B2AC86B}.Release|iPhone.Build.0 = Release|Any CPU
		{30E7A80D-192E-41D5-834C-C8836B2AC86B}.Release|iPhone.Deploy.0 = Release|Any CPU
		{30E7A80D-192E-41D5-834C-C8836B2AC86B}.Release|iPhoneSimulator.ActiveCfg = Release|Any CPU
		{30E7A80D-192E-41D5-834C-C8836B2AC86B}.Release|iPhoneSimulator.Build.0 = Release|Any CPU
		{30E7A80D-192E-41D5-834C-C8836B2AC86B}.Release|iPhoneSimulator.Deploy.0 = Release|Any CPU
		{30E7A80D-192E-41D5-834C-C8836B2AC86B}.Release|x64.ActiveCfg = Release|Any CPU
		{30E7A80D-192E-41D5-834C-C8836B2AC86B}.Release|x64.Build.0 = Release|Any CPU
		{30E7A80D-192E-41D5-834C-C8836B2AC86B}.Release|x64.Deploy.0 = Release|Any CPU
		{30E7A80D-192E-41D5-834C-C8836B2AC86B}.Release|x86.ActiveCfg = Release|x86
		{30E7A80D-192E-41D5-834C-C8836B2AC86B}.Release|x86.Build.0 = Release|x86
		{30E7A80D-192E-41D5-834C-C8836B2AC86B}.Release|x86.Deploy.0 = Release|x86
		{BFA82C7B-C151-4863-956F-090BC4504FF4}.Ad-Hoc|Any CPU.ActiveCfg = Release|Any CPU
		{BFA82C7B-C151-4863-956F-090BC4504FF4}.Ad-Hoc|Any CPU.Build.0 = Release|Any CPU
		{BFA82C7B-C151-4863-956F-090BC4504FF4}.Ad-Hoc|Any CPU.Deploy.0 = Release|Any CPU
		{BFA82C7B-C151-4863-956F-090BC4504FF4}.Ad-Hoc|ARM.ActiveCfg = Release|ARM
		{BFA82C7B-C151-4863-956F-090BC4504FF4}.Ad-Hoc|ARM.Build.0 = Release|ARM
		{BFA82C7B-C151-4863-956F-090BC4504FF4}.Ad-Hoc|ARM.Deploy.0 = Release|ARM
		{BFA82C7B-C151-4863-956F-090BC4504FF4}.Ad-Hoc|iPhone.ActiveCfg = Release|Any CPU
		{BFA82C7B-C151-4863-956F-090BC4504FF4}.Ad-Hoc|iPhone.Build.0 = Release|Any CPU
		{BFA82C7B-C151-4863-956F-090BC4504FF4}.Ad-Hoc|iPhone.Deploy.0 = Release|Any CPU
		{BFA82C7B-C151-4863-956F-090BC4504FF4}.Ad-Hoc|iPhoneSimulator.ActiveCfg = Release|Any CPU
		{BFA82C7B-C151-4863-956F-090BC4504FF4}.Ad-Hoc|iPhoneSimulator.Build.0 = Release|Any CPU
		{BFA82C7B-C151-4863-956F-090BC4504FF4}.Ad-Hoc|iPhoneSimulator.Deploy.0 = Release|Any CPU
		{BFA82C7B-C151-4863-956F-090BC4504FF4}.Ad-Hoc|x64.ActiveCfg = Release|x64
		{BFA82C7B-C151-4863-956F-090BC4504FF4}.Ad-Hoc|x64.Build.0 = Release|x64
		{BFA82C7B-C151-4863-956F-090BC4504FF4}.Ad-Hoc|x64.Deploy.0 = Release|x64
		{BFA82C7B-C151-4863-956F-090BC4504FF4}.Ad-Hoc|x86.ActiveCfg = Release|x86
		{BFA82C7B-C151-4863-956F-090BC4504FF4}.Ad-Hoc|x86.Build.0 = Release|x86
		{BFA82C7B-C151-4863-956F-090BC4504FF4}.Ad-Hoc|x86.Deploy.0 = Release|x86
		{BFA82C7B-C151-4863-956F-090BC4504FF4}.AppStore|Any CPU.ActiveCfg = Release|Any CPU
		{BFA82C7B-C151-4863-956F-090BC4504FF4}.AppStore|Any CPU.Build.0 = Release|Any CPU
		{BFA82C7B-C151-4863-956F-090BC4504FF4}.AppStore|Any CPU.Deploy.0 = Release|Any CPU
		{BFA82C7B-C151-4863-956F-090BC4504FF4}.AppStore|ARM.ActiveCfg = Release|ARM
		{BFA82C7B-C151-4863-956F-090BC4504FF4}.AppStore|ARM.Build.0 = Release|ARM
		{BFA82C7B-C151-4863-956F-090BC4504FF4}.AppStore|ARM.Deploy.0 = Release|ARM
		{BFA82C7B-C151-4863-956F-090BC4504FF4}.AppStore|iPhone.ActiveCfg = Release|Any CPU
		{BFA82C7B-C151-4863-956F-090BC4504FF4}.AppStore|iPhone.Build.0 = Release|Any CPU
		{BFA82C7B-C151-4863-956F-090BC4504FF4}.AppStore|iPhone.Deploy.0 = Release|Any CPU
		{BFA82C7B-C151-4863-956F-090BC4504FF4}.AppStore|iPhoneSimulator.ActiveCfg = Release|Any CPU
		{BFA82C7B-C151-4863-956F-090BC4504FF4}.AppStore|iPhoneSimulator.Build.0 = Release|Any CPU
		{BFA82C7B-C151-4863-956F-090BC4504FF4}.AppStore|iPhoneSimulator.Deploy.0 = Release|Any CPU
		{BFA82C7B-C151-4863-956F-090BC4504FF4}.AppStore|x64.ActiveCfg = Release|x64
		{BFA82C7B-C151-4863-956F-090BC4504FF4}.AppStore|x64.Build.0 = Release|x64
		{BFA82C7B-C151-4863-956F-090BC4504FF4}.AppStore|x64.Deploy.0 = Release|x64
		{BFA82C7B-C151-4863-956F-090BC4504FF4}.AppStore|x86.ActiveCfg = Release|x86
		{BFA82C7B-C151-4863-956F-090BC4504FF4}.AppStore|x86.Build.0 = Release|x86
		{BFA82C7B-C151-4863-956F-090BC4504FF4}.AppStore|x86.Deploy.0 = Release|x86
		{BFA82C7B-C151-4863-956F-090BC4504FF4}.Debug|Any CPU.ActiveCfg = Debug|Any CPU
		{BFA82C7B-C151-4863-956F-090BC4504FF4}.Debug|Any CPU.Build.0 = Debug|Any CPU
		{BFA82C7B-C151-4863-956F-090BC4504FF4}.Debug|Any CPU.Deploy.0 = Debug|Any CPU
		{BFA82C7B-C151-4863-956F-090BC4504FF4}.Debug|ARM.ActiveCfg = Debug|ARM
		{BFA82C7B-C151-4863-956F-090BC4504FF4}.Debug|ARM.Build.0 = Debug|ARM
		{BFA82C7B-C151-4863-956F-090BC4504FF4}.Debug|ARM.Deploy.0 = Debug|ARM
		{BFA82C7B-C151-4863-956F-090BC4504FF4}.Debug|iPhone.ActiveCfg = Debug|Any CPU
		{BFA82C7B-C151-4863-956F-090BC4504FF4}.Debug|iPhone.Build.0 = Debug|Any CPU
		{BFA82C7B-C151-4863-956F-090BC4504FF4}.Debug|iPhone.Deploy.0 = Debug|Any CPU
		{BFA82C7B-C151-4863-956F-090BC4504FF4}.Debug|iPhoneSimulator.ActiveCfg = Debug|Any CPU
		{BFA82C7B-C151-4863-956F-090BC4504FF4}.Debug|iPhoneSimulator.Build.0 = Debug|Any CPU
		{BFA82C7B-C151-4863-956F-090BC4504FF4}.Debug|iPhoneSimulator.Deploy.0 = Debug|Any CPU
		{BFA82C7B-C151-4863-956F-090BC4504FF4}.Debug|x64.ActiveCfg = Debug|x64
		{BFA82C7B-C151-4863-956F-090BC4504FF4}.Debug|x64.Build.0 = Debug|x64
		{BFA82C7B-C151-4863-956F-090BC4504FF4}.Debug|x64.Deploy.0 = Debug|x64
		{BFA82C7B-C151-4863-956F-090BC4504FF4}.Debug|x86.ActiveCfg = Debug|x86
		{BFA82C7B-C151-4863-956F-090BC4504FF4}.Debug|x86.Build.0 = Debug|x86
		{BFA82C7B-C151-4863-956F-090BC4504FF4}.Debug|x86.Deploy.0 = Debug|x86
		{BFA82C7B-C151-4863-956F-090BC4504FF4}.Release|Any CPU.ActiveCfg = Release|Any CPU
		{BFA82C7B-C151-4863-956F-090BC4504FF4}.Release|Any CPU.Build.0 = Release|Any CPU
		{BFA82C7B-C151-4863-956F-090BC4504FF4}.Release|Any CPU.Deploy.0 = Release|Any CPU
		{BFA82C7B-C151-4863-956F-090BC4504FF4}.Release|ARM.ActiveCfg = Release|ARM
		{BFA82C7B-C151-4863-956F-090BC4504FF4}.Release|ARM.Build.0 = Release|ARM
		{BFA82C7B-C151-4863-956F-090BC4504FF4}.Release|ARM.Deploy.0 = Release|ARM
		{BFA82C7B-C151-4863-956F-090BC4504FF4}.Release|iPhone.ActiveCfg = Release|Any CPU
		{BFA82C7B-C151-4863-956F-090BC4504FF4}.Release|iPhone.Build.0 = Release|Any CPU
		{BFA82C7B-C151-4863-956F-090BC4504FF4}.Release|iPhone.Deploy.0 = Release|Any CPU
		{BFA82C7B-C151-4863-956F-090BC4504FF4}.Release|iPhoneSimulator.ActiveCfg = Release|Any CPU
		{BFA82C7B-C151-4863-956F-090BC4504FF4}.Release|iPhoneSimulator.Build.0 = Release|Any CPU
		{BFA82C7B-C151-4863-956F-090BC4504FF4}.Release|iPhoneSimulator.Deploy.0 = Release|Any CPU
		{BFA82C7B-C151-4863-956F-090BC4504FF4}.Release|x64.ActiveCfg = Release|x64
		{BFA82C7B-C151-4863-956F-090BC4504FF4}.Release|x64.Build.0 = Release|x64
		{BFA82C7B-C151-4863-956F-090BC4504FF4}.Release|x64.Deploy.0 = Release|x64
		{BFA82C7B-C151-4863-956F-090BC4504FF4}.Release|x86.ActiveCfg = Release|x86
		{BFA82C7B-C151-4863-956F-090BC4504FF4}.Release|x86.Build.0 = Release|x86
		{BFA82C7B-C151-4863-956F-090BC4504FF4}.Release|x86.Deploy.0 = Release|x86
		{8ABC1C3E-69FB-44D5-899B-A6756FDB9976}.Ad-Hoc|Any CPU.ActiveCfg = Release|Any CPU
		{8ABC1C3E-69FB-44D5-899B-A6756FDB9976}.Ad-Hoc|Any CPU.Build.0 = Release|Any CPU
		{8ABC1C3E-69FB-44D5-899B-A6756FDB9976}.Ad-Hoc|ARM.ActiveCfg = Release|Any CPU
		{8ABC1C3E-69FB-44D5-899B-A6756FDB9976}.Ad-Hoc|ARM.Build.0 = Release|Any CPU
		{8ABC1C3E-69FB-44D5-899B-A6756FDB9976}.Ad-Hoc|iPhone.ActiveCfg = Release|Any CPU
		{8ABC1C3E-69FB-44D5-899B-A6756FDB9976}.Ad-Hoc|iPhone.Build.0 = Release|Any CPU
		{8ABC1C3E-69FB-44D5-899B-A6756FDB9976}.Ad-Hoc|iPhoneSimulator.ActiveCfg = Release|Any CPU
		{8ABC1C3E-69FB-44D5-899B-A6756FDB9976}.Ad-Hoc|iPhoneSimulator.Build.0 = Release|Any CPU
		{8ABC1C3E-69FB-44D5-899B-A6756FDB9976}.Ad-Hoc|x64.ActiveCfg = Release|Any CPU
		{8ABC1C3E-69FB-44D5-899B-A6756FDB9976}.Ad-Hoc|x64.Build.0 = Release|Any CPU
		{8ABC1C3E-69FB-44D5-899B-A6756FDB9976}.Ad-Hoc|x86.ActiveCfg = Release|Any CPU
		{8ABC1C3E-69FB-44D5-899B-A6756FDB9976}.Ad-Hoc|x86.Build.0 = Release|Any CPU
		{8ABC1C3E-69FB-44D5-899B-A6756FDB9976}.AppStore|Any CPU.ActiveCfg = Release|Any CPU
		{8ABC1C3E-69FB-44D5-899B-A6756FDB9976}.AppStore|Any CPU.Build.0 = Release|Any CPU
		{8ABC1C3E-69FB-44D5-899B-A6756FDB9976}.AppStore|ARM.ActiveCfg = Release|Any CPU
		{8ABC1C3E-69FB-44D5-899B-A6756FDB9976}.AppStore|ARM.Build.0 = Release|Any CPU
		{8ABC1C3E-69FB-44D5-899B-A6756FDB9976}.AppStore|iPhone.ActiveCfg = Release|Any CPU
		{8ABC1C3E-69FB-44D5-899B-A6756FDB9976}.AppStore|iPhone.Build.0 = Release|Any CPU
		{8ABC1C3E-69FB-44D5-899B-A6756FDB9976}.AppStore|iPhoneSimulator.ActiveCfg = Release|Any CPU
		{8ABC1C3E-69FB-44D5-899B-A6756FDB9976}.AppStore|iPhoneSimulator.Build.0 = Release|Any CPU
		{8ABC1C3E-69FB-44D5-899B-A6756FDB9976}.AppStore|x64.ActiveCfg = Release|Any CPU
		{8ABC1C3E-69FB-44D5-899B-A6756FDB9976}.AppStore|x64.Build.0 = Release|Any CPU
		{8ABC1C3E-69FB-44D5-899B-A6756FDB9976}.AppStore|x86.ActiveCfg = Release|Any CPU
		{8ABC1C3E-69FB-44D5-899B-A6756FDB9976}.AppStore|x86.Build.0 = Release|Any CPU
		{8ABC1C3E-69FB-44D5-899B-A6756FDB9976}.Debug|Any CPU.ActiveCfg = Debug|Any CPU
		{8ABC1C3E-69FB-44D5-899B-A6756FDB9976}.Debug|Any CPU.Build.0 = Debug|Any CPU
		{8ABC1C3E-69FB-44D5-899B-A6756FDB9976}.Debug|ARM.ActiveCfg = Debug|Any CPU
		{8ABC1C3E-69FB-44D5-899B-A6756FDB9976}.Debug|ARM.Build.0 = Debug|Any CPU
		{8ABC1C3E-69FB-44D5-899B-A6756FDB9976}.Debug|iPhone.ActiveCfg = Debug|Any CPU
		{8ABC1C3E-69FB-44D5-899B-A6756FDB9976}.Debug|iPhone.Build.0 = Debug|Any CPU
		{8ABC1C3E-69FB-44D5-899B-A6756FDB9976}.Debug|iPhoneSimulator.ActiveCfg = Debug|Any CPU
		{8ABC1C3E-69FB-44D5-899B-A6756FDB9976}.Debug|iPhoneSimulator.Build.0 = Debug|Any CPU
		{8ABC1C3E-69FB-44D5-899B-A6756FDB9976}.Debug|x64.ActiveCfg = Debug|Any CPU
		{8ABC1C3E-69FB-44D5-899B-A6756FDB9976}.Debug|x64.Build.0 = Debug|Any CPU
		{8ABC1C3E-69FB-44D5-899B-A6756FDB9976}.Debug|x86.ActiveCfg = Debug|Any CPU
		{8ABC1C3E-69FB-44D5-899B-A6756FDB9976}.Debug|x86.Build.0 = Debug|Any CPU
		{8ABC1C3E-69FB-44D5-899B-A6756FDB9976}.Release|Any CPU.ActiveCfg = Release|Any CPU
		{8ABC1C3E-69FB-44D5-899B-A6756FDB9976}.Release|Any CPU.Build.0 = Release|Any CPU
		{8ABC1C3E-69FB-44D5-899B-A6756FDB9976}.Release|ARM.ActiveCfg = Release|Any CPU
		{8ABC1C3E-69FB-44D5-899B-A6756FDB9976}.Release|ARM.Build.0 = Release|Any CPU
		{8ABC1C3E-69FB-44D5-899B-A6756FDB9976}.Release|iPhone.ActiveCfg = Release|Any CPU
		{8ABC1C3E-69FB-44D5-899B-A6756FDB9976}.Release|iPhone.Build.0 = Release|Any CPU
		{8ABC1C3E-69FB-44D5-899B-A6756FDB9976}.Release|iPhoneSimulator.ActiveCfg = Release|Any CPU
		{8ABC1C3E-69FB-44D5-899B-A6756FDB9976}.Release|iPhoneSimulator.Build.0 = Release|Any CPU
		{8ABC1C3E-69FB-44D5-899B-A6756FDB9976}.Release|x64.ActiveCfg = Release|Any CPU
		{8ABC1C3E-69FB-44D5-899B-A6756FDB9976}.Release|x64.Build.0 = Release|Any CPU
		{8ABC1C3E-69FB-44D5-899B-A6756FDB9976}.Release|x86.ActiveCfg = Release|Any CPU
		{8ABC1C3E-69FB-44D5-899B-A6756FDB9976}.Release|x86.Build.0 = Release|Any CPU
	EndGlobalSection
	GlobalSection(SolutionProperties) = preSolution
		HideSolutionNode = FALSE
	EndGlobalSection
EndGlobal
