
Microsoft Visual Studio Solution File, Format Version 12.00
# Visual Studio 14
VisualStudioVersion = 14.0.25420.1
MinimumVisualStudioVersion = 10.0.40219.1
Project("{FAE04EC0-301F-11D3-BF4B-00C04F79EFBC}") = "Images.Droid", "Images\Images.Droid\Images.Droid.csproj", "{163BE833-284C-4C87-AEF5-FC93702A62B6}"
EndProject
Project("{FAE04EC0-301F-11D3-BF4B-00C04F79EFBC}") = "Images.iOS", "Images\Images.iOS\Images.iOS.csproj", "{81276977-46F1-4BB7-ACE8-394E5B669B07}"
EndProject
Project("{FAE04EC0-301F-11D3-BF4B-00C04F79EFBC}") = "Images", "Images\Images\Images.csproj", "{14E94505-F993-44B3-9CD0-06CFA986C36C}"
EndProject
Global
	GlobalSection(SolutionConfigurationPlatforms) = preSolution
		Ad-Hoc|Any CPU = Ad-Hoc|Any CPU
		Ad-Hoc|ARM = Ad-Hoc|ARM
		Ad-Hoc|iPhone = Ad-Hoc|iPhone
		Ad-Hoc|iPhoneSimulator = Ad-Hoc|iPhoneSimulator
		Ad-Hoc|x64 = Ad-Hoc|x64
		Ad-Hoc|x86 = Ad-Hoc|x86
		AppStore|Any CPU = AppStore|Any CPU
		AppStore|ARM = AppStore|ARM
		AppStore|iPhone = AppStore|iPhone
		AppStore|iPhoneSimulator = AppStore|iPhoneSimulator
		AppStore|x64 = AppStore|x64
		AppStore|x86 = AppStore|x86
		Debug|Any CPU = Debug|Any CPU
		Debug|ARM = Debug|ARM
		Debug|iPhone = Debug|iPhone
		Debug|iPhoneSimulator = Debug|iPhoneSimulator
		Debug|x64 = Debug|x64
		Debug|x86 = Debug|x86
		Release|Any CPU = Release|Any CPU
		Release|ARM = Release|ARM
		Release|iPhone = Release|iPhone
		Release|iPhoneSimulator = Release|iPhoneSimulator
		Release|x64 = Release|x64
		Release|x86 = Release|x86
	EndGlobalSection
	GlobalSection(ProjectConfigurationPlatforms) = postSolution
		{163BE833-284C-4C87-AEF5-FC93702A62B6}.Ad-Hoc|Any CPU.ActiveCfg = Release|Any CPU
		{163BE833-284C-4C87-AEF5-FC93702A62B6}.Ad-Hoc|Any CPU.Build.0 = Release|Any CPU
		{163BE833-284C-4C87-AEF5-FC93702A62B6}.Ad-Hoc|Any CPU.Deploy.0 = Release|Any CPU
		{163BE833-284C-4C87-AEF5-FC93702A62B6}.Ad-Hoc|ARM.ActiveCfg = Release|Any CPU
		{163BE833-284C-4C87-AEF5-FC93702A62B6}.Ad-Hoc|ARM.Build.0 = Release|Any CPU
		{163BE833-284C-4C87-AEF5-FC93702A62B6}.Ad-Hoc|ARM.Deploy.0 = Release|Any CPU
		{163BE833-284C-4C87-AEF5-FC93702A62B6}.Ad-Hoc|iPhone.ActiveCfg = Release|Any CPU
		{163BE833-284C-4C87-AEF5-FC93702A62B6}.Ad-Hoc|iPhone.Build.0 = Release|Any CPU
		{163BE833-284C-4C87-AEF5-FC93702A62B6}.Ad-Hoc|iPhone.Deploy.0 = Release|Any CPU
		{163BE833-284C-4C87-AEF5-FC93702A62B6}.Ad-Hoc|iPhoneSimulator.ActiveCfg = Release|Any CPU
		{163BE833-284C-4C87-AEF5-FC93702A62B6}.Ad-Hoc|iPhoneSimulator.Build.0 = Release|Any CPU
		{163BE833-284C-4C87-AEF5-FC93702A62B6}.Ad-Hoc|iPhoneSimulator.Deploy.0 = Release|Any CPU
		{163BE833-284C-4C87-AEF5-FC93702A62B6}.Ad-Hoc|x64.ActiveCfg = Release|Any CPU
		{163BE833-284C-4C87-AEF5-FC93702A62B6}.Ad-Hoc|x64.Build.0 = Release|Any CPU
		{163BE833-284C-4C87-AEF5-FC93702A62B6}.Ad-Hoc|x64.Deploy.0 = Release|Any CPU
		{163BE833-284C-4C87-AEF5-FC93702A62B6}.Ad-Hoc|x86.ActiveCfg = Release|Any CPU
		{163BE833-284C-4C87-AEF5-FC93702A62B6}.Ad-Hoc|x86.Build.0 = Release|Any CPU
		{163BE833-284C-4C87-AEF5-FC93702A62B6}.Ad-Hoc|x86.Deploy.0 = Release|Any CPU
		{163BE833-284C-4C87-AEF5-FC93702A62B6}.AppStore|Any CPU.ActiveCfg = Release|Any CPU
		{163BE833-284C-4C87-AEF5-FC93702A62B6}.AppStore|Any CPU.Build.0 = Release|Any CPU
		{163BE833-284C-4C87-AEF5-FC93702A62B6}.AppStore|Any CPU.Deploy.0 = Release|Any CPU
		{163BE833-284C-4C87-AEF5-FC93702A62B6}.AppStore|ARM.ActiveCfg = Release|Any CPU
		{163BE833-284C-4C87-AEF5-FC93702A62B6}.AppStore|ARM.Build.0 = Release|Any CPU
		{163BE833-284C-4C87-AEF5-FC93702A62B6}.AppStore|ARM.Deploy.0 = Release|Any CPU
		{163BE833-284C-4C87-AEF5-FC93702A62B6}.AppStore|iPhone.ActiveCfg = Release|Any CPU
		{163BE833-284C-4C87-AEF5-FC93702A62B6}.AppStore|iPhone.Build.0 = Release|Any CPU
		{163BE833-284C-4C87-AEF5-FC93702A62B6}.AppStore|iPhone.Deploy.0 = Release|Any CPU
		{163BE833-284C-4C87-AEF5-FC93702A62B6}.AppStore|iPhoneSimulator.ActiveCfg = Release|Any CPU
		{163BE833-284C-4C87-AEF5-FC93702A62B6}.AppStore|iPhoneSimulator.Build.0 = Release|Any CPU
		{163BE833-284C-4C87-AEF5-FC93702A62B6}.AppStore|iPhoneSimulator.Deploy.0 = Release|Any CPU
		{163BE833-284C-4C87-AEF5-FC93702A62B6}.AppStore|x64.ActiveCfg = Release|Any CPU
		{163BE833-284C-4C87-AEF5-FC93702A62B6}.AppStore|x64.Build.0 = Release|Any CPU
		{163BE833-284C-4C87-AEF5-FC93702A62B6}.AppStore|x64.Deploy.0 = Release|Any CPU
		{163BE833-284C-4C87-AEF5-FC93702A62B6}.AppStore|x86.ActiveCfg = Release|Any CPU
		{163BE833-284C-4C87-AEF5-FC93702A62B6}.AppStore|x86.Build.0 = Release|Any CPU
		{163BE833-284C-4C87-AEF5-FC93702A62B6}.AppStore|x86.Deploy.0 = Release|Any CPU
		{163BE833-284C-4C87-AEF5-FC93702A62B6}.Debug|Any CPU.ActiveCfg = Debug|Any CPU
		{163BE833-284C-4C87-AEF5-FC93702A62B6}.Debug|Any CPU.Build.0 = Debug|Any CPU
		{163BE833-284C-4C87-AEF5-FC93702A62B6}.Debug|Any CPU.Deploy.0 = Debug|Any CPU
		{163BE833-284C-4C87-AEF5-FC93702A62B6}.Debug|ARM.ActiveCfg = Debug|Any CPU
		{163BE833-284C-4C87-AEF5-FC93702A62B6}.Debug|ARM.Build.0 = Debug|Any CPU
		{163BE833-284C-4C87-AEF5-FC93702A62B6}.Debug|ARM.Deploy.0 = Debug|Any CPU
		{163BE833-284C-4C87-AEF5-FC93702A62B6}.Debug|iPhone.ActiveCfg = Debug|Any CPU
		{163BE833-284C-4C87-AEF5-FC93702A62B6}.Debug|iPhone.Build.0 = Debug|Any CPU
		{163BE833-284C-4C87-AEF5-FC93702A62B6}.Debug|iPhone.Deploy.0 = Debug|Any CPU
		{163BE833-284C-4C87-AEF5-FC93702A62B6}.Debug|iPhoneSimulator.ActiveCfg = Debug|Any CPU
		{163BE833-284C-4C87-AEF5-FC93702A62B6}.Debug|iPhoneSimulator.Build.0 = Debug|Any CPU
		{163BE833-284C-4C87-AEF5-FC93702A62B6}.Debug|iPhoneSimulator.Deploy.0 = Debug|Any CPU
		{163BE833-284C-4C87-AEF5-FC93702A62B6}.Debug|x64.ActiveCfg = Debug|Any CPU
		{163BE833-284C-4C87-AEF5-FC93702A62B6}.Debug|x64.Build.0 = Debug|Any CPU
		{163BE833-284C-4C87-AEF5-FC93702A62B6}.Debug|x64.Deploy.0 = Debug|Any CPU
		{163BE833-284C-4C87-AEF5-FC93702A62B6}.Debug|x86.ActiveCfg = Debug|Any CPU
		{163BE833-284C-4C87-AEF5-FC93702A62B6}.Debug|x86.Build.0 = Debug|Any CPU
		{163BE833-284C-4C87-AEF5-FC93702A62B6}.Debug|x86.Deploy.0 = Debug|Any CPU
		{163BE833-284C-4C87-AEF5-FC93702A62B6}.Release|Any CPU.ActiveCfg = Release|Any CPU
		{163BE833-284C-4C87-AEF5-FC93702A62B6}.Release|Any CPU.Build.0 = Release|Any CPU
		{163BE833-284C-4C87-AEF5-FC93702A62B6}.Release|Any CPU.Deploy.0 = Release|Any CPU
		{163BE833-284C-4C87-AEF5-FC93702A62B6}.Release|ARM.ActiveCfg = Release|Any CPU
		{163BE833-284C-4C87-AEF5-FC93702A62B6}.Release|ARM.Build.0 = Release|Any CPU
		{163BE833-284C-4C87-AEF5-FC93702A62B6}.Release|ARM.Deploy.0 = Release|Any CPU
		{163BE833-284C-4C87-AEF5-FC93702A62B6}.Release|iPhone.ActiveCfg = Release|Any CPU
		{163BE833-284C-4C87-AEF5-FC93702A62B6}.Release|iPhone.Build.0 = Release|Any CPU
		{163BE833-284C-4C87-AEF5-FC93702A62B6}.Release|iPhone.Deploy.0 = Release|Any CPU
		{163BE833-284C-4C87-AEF5-FC93702A62B6}.Release|iPhoneSimulator.ActiveCfg = Release|Any CPU
		{163BE833-284C-4C87-AEF5-FC93702A62B6}.Release|iPhoneSimulator.Build.0 = Release|Any CPU
		{163BE833-284C-4C87-AEF5-FC93702A62B6}.Release|iPhoneSimulator.Deploy.0 = Release|Any CPU
		{163BE833-284C-4C87-AEF5-FC93702A62B6}.Release|x64.ActiveCfg = Release|Any CPU
		{163BE833-284C-4C87-AEF5-FC93702A62B6}.Release|x64.Build.0 = Release|Any CPU
		{163BE833-284C-4C87-AEF5-FC93702A62B6}.Release|x64.Deploy.0 = Release|Any CPU
		{163BE833-284C-4C87-AEF5-FC93702A62B6}.Release|x86.ActiveCfg = Release|Any CPU
		{163BE833-284C-4C87-AEF5-FC93702A62B6}.Release|x86.Build.0 = Release|Any CPU
		{163BE833-284C-4C87-AEF5-FC93702A62B6}.Release|x86.Deploy.0 = Release|Any CPU
		{81276977-46F1-4BB7-ACE8-394E5B669B07}.Ad-Hoc|Any CPU.ActiveCfg = Ad-Hoc|iPhone
		{81276977-46F1-4BB7-ACE8-394E5B669B07}.Ad-Hoc|ARM.ActiveCfg = Ad-Hoc|iPhone
		{81276977-46F1-4BB7-ACE8-394E5B669B07}.Ad-Hoc|iPhone.ActiveCfg = Ad-Hoc|iPhone
		{81276977-46F1-4BB7-ACE8-394E5B669B07}.Ad-Hoc|iPhone.Build.0 = Ad-Hoc|iPhone
		{81276977-46F1-4BB7-ACE8-394E5B669B07}.Ad-Hoc|iPhoneSimulator.ActiveCfg = Ad-Hoc|iPhoneSimulator
		{81276977-46F1-4BB7-ACE8-394E5B669B07}.Ad-Hoc|iPhoneSimulator.Build.0 = Ad-Hoc|iPhoneSimulator
		{81276977-46F1-4BB7-ACE8-394E5B669B07}.Ad-Hoc|x64.ActiveCfg = Ad-Hoc|iPhone
		{81276977-46F1-4BB7-ACE8-394E5B669B07}.Ad-Hoc|x86.ActiveCfg = Ad-Hoc|iPhone
		{81276977-46F1-4BB7-ACE8-394E5B669B07}.AppStore|Any CPU.ActiveCfg = AppStore|iPhone
		{81276977-46F1-4BB7-ACE8-394E5B669B07}.AppStore|ARM.ActiveCfg = AppStore|iPhone
		{81276977-46F1-4BB7-ACE8-394E5B669B07}.AppStore|iPhone.ActiveCfg = AppStore|iPhone
		{81276977-46F1-4BB7-ACE8-394E5B669B07}.AppStore|iPhone.Build.0 = AppStore|iPhone
		{81276977-46F1-4BB7-ACE8-394E5B669B07}.AppStore|iPhoneSimulator.ActiveCfg = AppStore|iPhoneSimulator
		{81276977-46F1-4BB7-ACE8-394E5B669B07}.AppStore|iPhoneSimulator.Build.0 = AppStore|iPhoneSimulator
		{81276977-46F1-4BB7-ACE8-394E5B669B07}.AppStore|x64.ActiveCfg = AppStore|iPhone
		{81276977-46F1-4BB7-ACE8-394E5B669B07}.AppStore|x86.ActiveCfg = AppStore|iPhone
		{81276977-46F1-4BB7-ACE8-394E5B669B07}.Debug|Any CPU.ActiveCfg = Debug|iPhone
		{81276977-46F1-4BB7-ACE8-394E5B669B07}.Debug|ARM.ActiveCfg = Debug|iPhone
		{81276977-46F1-4BB7-ACE8-394E5B669B07}.Debug|iPhone.ActiveCfg = Debug|iPhone
		{81276977-46F1-4BB7-ACE8-394E5B669B07}.Debug|iPhone.Build.0 = Debug|iPhone
		{81276977-46F1-4BB7-ACE8-394E5B669B07}.Debug|iPhoneSimulator.ActiveCfg = Debug|iPhoneSimulator
		{81276977-46F1-4BB7-ACE8-394E5B669B07}.Debug|iPhoneSimulator.Build.0 = Debug|iPhoneSimulator
		{81276977-46F1-4BB7-ACE8-394E5B669B07}.Debug|x64.ActiveCfg = Debug|iPhone
		{81276977-46F1-4BB7-ACE8-394E5B669B07}.Debug|x86.ActiveCfg = Debug|iPhone
		{81276977-46F1-4BB7-ACE8-394E5B669B07}.Release|Any CPU.ActiveCfg = Release|iPhone
		{81276977-46F1-4BB7-ACE8-394E5B669B07}.Release|ARM.ActiveCfg = Release|iPhone
		{81276977-46F1-4BB7-ACE8-394E5B669B07}.Release|iPhone.ActiveCfg = Release|iPhone
		{81276977-46F1-4BB7-ACE8-394E5B669B07}.Release|iPhone.Build.0 = Release|iPhone
		{81276977-46F1-4BB7-ACE8-394E5B669B07}.Release|iPhoneSimulator.ActiveCfg = Release|iPhoneSimulator
		{81276977-46F1-4BB7-ACE8-394E5B669B07}.Release|iPhoneSimulator.Build.0 = Release|iPhoneSimulator
		{81276977-46F1-4BB7-ACE8-394E5B669B07}.Release|x64.ActiveCfg = Release|iPhone
		{81276977-46F1-4BB7-ACE8-394E5B669B07}.Release|x86.ActiveCfg = Release|iPhone
		{14E94505-F993-44B3-9CD0-06CFA986C36C}.Ad-Hoc|Any CPU.ActiveCfg = Release|Any CPU
		{14E94505-F993-44B3-9CD0-06CFA986C36C}.Ad-Hoc|Any CPU.Build.0 = Release|Any CPU
		{14E94505-F993-44B3-9CD0-06CFA986C36C}.Ad-Hoc|ARM.ActiveCfg = Release|Any CPU
		{14E94505-F993-44B3-9CD0-06CFA986C36C}.Ad-Hoc|ARM.Build.0 = Release|Any CPU
		{14E94505-F993-44B3-9CD0-06CFA986C36C}.Ad-Hoc|iPhone.ActiveCfg = Release|Any CPU
		{14E94505-F993-44B3-9CD0-06CFA986C36C}.Ad-Hoc|iPhone.Build.0 = Release|Any CPU
		{14E94505-F993-44B3-9CD0-06CFA986C36C}.Ad-Hoc|iPhoneSimulator.ActiveCfg = Release|Any CPU
		{14E94505-F993-44B3-9CD0-06CFA986C36C}.Ad-Hoc|iPhoneSimulator.Build.0 = Release|Any CPU
		{14E94505-F993-44B3-9CD0-06CFA986C36C}.Ad-Hoc|x64.ActiveCfg = Release|Any CPU
		{14E94505-F993-44B3-9CD0-06CFA986C36C}.Ad-Hoc|x64.Build.0 = Release|Any CPU
		{14E94505-F993-44B3-9CD0-06CFA986C36C}.Ad-Hoc|x86.ActiveCfg = Release|Any CPU
		{14E94505-F993-44B3-9CD0-06CFA986C36C}.Ad-Hoc|x86.Build.0 = Release|Any CPU
		{14E94505-F993-44B3-9CD0-06CFA986C36C}.AppStore|Any CPU.ActiveCfg = Release|Any CPU
		{14E94505-F993-44B3-9CD0-06CFA986C36C}.AppStore|Any CPU.Build.0 = Release|Any CPU
		{14E94505-F993-44B3-9CD0-06CFA986C36C}.AppStore|ARM.ActiveCfg = Release|Any CPU
		{14E94505-F993-44B3-9CD0-06CFA986C36C}.AppStore|ARM.Build.0 = Release|Any CPU
		{14E94505-F993-44B3-9CD0-06CFA986C36C}.AppStore|iPhone.ActiveCfg = Release|Any CPU
		{14E94505-F993-44B3-9CD0-06CFA986C36C}.AppStore|iPhone.Build.0 = Release|Any CPU
		{14E94505-F993-44B3-9CD0-06CFA986C36C}.AppStore|iPhoneSimulator.ActiveCfg = Release|Any CPU
		{14E94505-F993-44B3-9CD0-06CFA986C36C}.AppStore|iPhoneSimulator.Build.0 = Release|Any CPU
		{14E94505-F993-44B3-9CD0-06CFA986C36C}.AppStore|x64.ActiveCfg = Release|Any CPU
		{14E94505-F993-44B3-9CD0-06CFA986C36C}.AppStore|x64.Build.0 = Release|Any CPU
		{14E94505-F993-44B3-9CD0-06CFA986C36C}.AppStore|x86.ActiveCfg = Release|Any CPU
		{14E94505-F993-44B3-9CD0-06CFA986C36C}.AppStore|x86.Build.0 = Release|Any CPU
		{14E94505-F993-44B3-9CD0-06CFA986C36C}.Debug|Any CPU.ActiveCfg = Debug|Any CPU
		{14E94505-F993-44B3-9CD0-06CFA986C36C}.Debug|Any CPU.Build.0 = Debug|Any CPU
		{14E94505-F993-44B3-9CD0-06CFA986C36C}.Debug|ARM.ActiveCfg = Debug|Any CPU
		{14E94505-F993-44B3-9CD0-06CFA986C36C}.Debug|ARM.Build.0 = Debug|Any CPU
		{14E94505-F993-44B3-9CD0-06CFA986C36C}.Debug|iPhone.ActiveCfg = Debug|Any CPU
		{14E94505-F993-44B3-9CD0-06CFA986C36C}.Debug|iPhone.Build.0 = Debug|Any CPU
		{14E94505-F993-44B3-9CD0-06CFA986C36C}.Debug|iPhoneSimulator.ActiveCfg = Debug|Any CPU
		{14E94505-F993-44B3-9CD0-06CFA986C36C}.Debug|iPhoneSimulator.Build.0 = Debug|Any CPU
		{14E94505-F993-44B3-9CD0-06CFA986C36C}.Debug|x64.ActiveCfg = Debug|Any CPU
		{14E94505-F993-44B3-9CD0-06CFA986C36C}.Debug|x64.Build.0 = Debug|Any CPU
		{14E94505-F993-44B3-9CD0-06CFA986C36C}.Debug|x86.ActiveCfg = Debug|Any CPU
		{14E94505-F993-44B3-9CD0-06CFA986C36C}.Debug|x86.Build.0 = Debug|Any CPU
		{14E94505-F993-44B3-9CD0-06CFA986C36C}.Release|Any CPU.ActiveCfg = Release|Any CPU
		{14E94505-F993-44B3-9CD0-06CFA986C36C}.Release|Any CPU.Build.0 = Release|Any CPU
		{14E94505-F993-44B3-9CD0-06CFA986C36C}.Release|ARM.ActiveCfg = Release|Any CPU
		{14E94505-F993-44B3-9CD0-06CFA986C36C}.Release|ARM.Build.0 = Release|Any CPU
		{14E94505-F993-44B3-9CD0-06CFA986C36C}.Release|iPhone.ActiveCfg = Release|Any CPU
		{14E94505-F993-44B3-9CD0-06CFA986C36C}.Release|iPhone.Build.0 = Release|Any CPU
		{14E94505-F993-44B3-9CD0-06CFA986C36C}.Release|iPhoneSimulator.ActiveCfg = Release|Any CPU
		{14E94505-F993-44B3-9CD0-06CFA986C36C}.Release|iPhoneSimulator.Build.0 = Release|Any CPU
		{14E94505-F993-44B3-9CD0-06CFA986C36C}.Release|x64.ActiveCfg = Release|Any CPU
		{14E94505-F993-44B3-9CD0-06CFA986C36C}.Release|x64.Build.0 = Release|Any CPU
		{14E94505-F993-44B3-9CD0-06CFA986C36C}.Release|x86.ActiveCfg = Release|Any CPU
		{14E94505-F993-44B3-9CD0-06CFA986C36C}.Release|x86.Build.0 = Release|Any CPU
	EndGlobalSection
	GlobalSection(SolutionProperties) = preSolution
		HideSolutionNode = FALSE
	EndGlobalSection
EndGlobal
